// !$*UTF8*$!
{
	archiveVersion = 1;
	classes = {
	};
	objectVersion = 56;
	objects = {

/* Begin PBXBuildFile section */
		A6015B0E2BEA223400545164 /* AppDelegate.swift in Sources */ = {isa = PBXBuildFile; fileRef = A6015B0D2BEA223400545164 /* AppDelegate.swift */; };
		A6015B172BEA223600545164 /* Assets.xcassets in Resources */ = {isa = PBXBuildFile; fileRef = A6015B162BEA223600545164 /* Assets.xcassets */; };
		A6015B1A2BEA223600545164 /* LaunchScreen.storyboard in Resources */ = {isa = PBXBuildFile; fileRef = A6015B182BEA223600545164 /* LaunchScreen.storyboard */; };
		A624F1682BF1003C006D5C95 /* ProfileViewController.swift in Sources */ = {isa = PBXBuildFile; fileRef = A624F1662BF1003C006D5C95 /* ProfileViewController.swift */; };
		A624F1692BF1003C006D5C95 /* ProfileViewController.xib in Resources */ = {isa = PBXBuildFile; fileRef = A624F1672BF1003C006D5C95 /* ProfileViewController.xib */; };
		A624F16D2BF100B7006D5C95 /* SettingTableViewCell.swift in Sources */ = {isa = PBXBuildFile; fileRef = A624F16B2BF100B7006D5C95 /* SettingTableViewCell.swift */; };
		A624F16E2BF100B7006D5C95 /* SettingTableViewCell.xib in Resources */ = {isa = PBXBuildFile; fileRef = A624F16C2BF100B7006D5C95 /* SettingTableViewCell.xib */; };
		A624F1702BF10159006D5C95 /* ProfileModel.swift in Sources */ = {isa = PBXBuildFile; fileRef = A624F16F2BF10159006D5C95 /* ProfileModel.swift */; };
		A624F1762BF10200006D5C95 /* HelpAndSupportTableViewCell.swift in Sources */ = {isa = PBXBuildFile; fileRef = A624F1742BF10200006D5C95 /* HelpAndSupportTableViewCell.swift */; };
		A624F1772BF10200006D5C95 /* HelpAndSupportTableViewCell.xib in Resources */ = {isa = PBXBuildFile; fileRef = A624F1752BF10200006D5C95 /* HelpAndSupportTableViewCell.xib */; };
		A624F17B2BF10267006D5C95 /* HostTableViewCell.swift in Sources */ = {isa = PBXBuildFile; fileRef = A624F1792BF10267006D5C95 /* HostTableViewCell.swift */; };
		A624F17C2BF10267006D5C95 /* HostTableViewCell.xib in Resources */ = {isa = PBXBuildFile; fileRef = A624F17A2BF10267006D5C95 /* HostTableViewCell.xib */; };
		A624F17E2BF10286006D5C95 /* HostModel.swift in Sources */ = {isa = PBXBuildFile; fileRef = A624F17D2BF10286006D5C95 /* HostModel.swift */; };
		A624F1802BF1029D006D5C95 /* HelpModel.swift in Sources */ = {isa = PBXBuildFile; fileRef = A624F17F2BF1029D006D5C95 /* HelpModel.swift */; };
		A624F1822BF102CB006D5C95 /* SettingModel.swift in Sources */ = {isa = PBXBuildFile; fileRef = A624F1812BF102CB006D5C95 /* SettingModel.swift */; };
		A624F1882BF10F7F006D5C95 /* Montserrat.ttf in Resources */ = {isa = PBXBuildFile; fileRef = A624F1872BF10F7F006D5C95 /* Montserrat.ttf */; };
		A633573C2BF0CAAB008AF034 /* Coordinator.swift in Sources */ = {isa = PBXBuildFile; fileRef = A633573B2BF0CAAB008AF034 /* Coordinator.swift */; };
		A633573E2BF0CAB7008AF034 /* AppCoordinator.swift in Sources */ = {isa = PBXBuildFile; fileRef = A633573D2BF0CAB7008AF034 /* AppCoordinator.swift */; };
		A63357402BF0CAF1008AF034 /* BaseNavigationController.swift in Sources */ = {isa = PBXBuildFile; fileRef = A633573F2BF0CAF1008AF034 /* BaseNavigationController.swift */; };
		A63357432BF0D0C9008AF034 /* AppWindow.swift in Sources */ = {isa = PBXBuildFile; fileRef = A63357422BF0D0C9008AF034 /* AppWindow.swift */; };
		A63357452BF0D281008AF034 /* Date.swift in Sources */ = {isa = PBXBuildFile; fileRef = A63357442BF0D281008AF034 /* Date.swift */; };
		A63357472BF0D2B3008AF034 /* UIView.swift in Sources */ = {isa = PBXBuildFile; fileRef = A63357462BF0D2B3008AF034 /* UIView.swift */; };
		A633574A2BF0D30C008AF034 /* Images.swift in Sources */ = {isa = PBXBuildFile; fileRef = A63357492BF0D30C008AF034 /* Images.swift */; };
		A63357502BF0D82F008AF034 /* WelcomeScreen.swift in Sources */ = {isa = PBXBuildFile; fileRef = A633574E2BF0D82F008AF034 /* WelcomeScreen.swift */; };
		A63357512BF0D82F008AF034 /* WelcomeScreen.xib in Resources */ = {isa = PBXBuildFile; fileRef = A633574F2BF0D82F008AF034 /* WelcomeScreen.xib */; };
		A63357532BF0D991008AF034 /* ViewControllerExtension.swift in Sources */ = {isa = PBXBuildFile; fileRef = A63357522BF0D991008AF034 /* ViewControllerExtension.swift */; };
		A63357562BF0DA84008AF034 /* WalkthroughView.swift in Sources */ = {isa = PBXBuildFile; fileRef = A63357542BF0DA84008AF034 /* WalkthroughView.swift */; };
		A63357572BF0DA84008AF034 /* WalkthroughView.xib in Resources */ = {isa = PBXBuildFile; fileRef = A63357552BF0DA84008AF034 /* WalkthroughView.xib */; };
		A633575A2BF0DCFF008AF034 /* WalkthroughCell.swift in Sources */ = {isa = PBXBuildFile; fileRef = A63357582BF0DCFF008AF034 /* WalkthroughCell.swift */; };
		A633575B2BF0DCFF008AF034 /* WalkthroughCell.xib in Resources */ = {isa = PBXBuildFile; fileRef = A63357592BF0DCFF008AF034 /* WalkthroughCell.xib */; };
		A633575D2BF1039B008AF034 /* BaseViewController.swift in Sources */ = {isa = PBXBuildFile; fileRef = A633575C2BF1039B008AF034 /* BaseViewController.swift */; };
		A63357602BF129A6008AF034 /* LoginView.swift in Sources */ = {isa = PBXBuildFile; fileRef = A633575E2BF129A6008AF034 /* LoginView.swift */; };
		A63357612BF129A6008AF034 /* LoginView.xib in Resources */ = {isa = PBXBuildFile; fileRef = A633575F2BF129A6008AF034 /* LoginView.xib */; };
		A63357642BF15302008AF034 /* BaseXib.swift in Sources */ = {isa = PBXBuildFile; fileRef = A63357632BF15302008AF034 /* BaseXib.swift */; };
		A63357662BF153CD008AF034 /* PhoneField.swift in Sources */ = {isa = PBXBuildFile; fileRef = A63357652BF153CD008AF034 /* PhoneField.swift */; };
		A63357692BF15406008AF034 /* InputField.swift in Sources */ = {isa = PBXBuildFile; fileRef = A63357672BF15406008AF034 /* InputField.swift */; };
		A633576A2BF15406008AF034 /* InputField.xib in Resources */ = {isa = PBXBuildFile; fileRef = A63357682BF15406008AF034 /* InputField.xib */; };
		A633576E2BF156F9008AF034 /* Labels.swift in Sources */ = {isa = PBXBuildFile; fileRef = A633576D2BF156F9008AF034 /* Labels.swift */; };
		A63357702BF15707008AF034 /* PaddedLabel.swift in Sources */ = {isa = PBXBuildFile; fileRef = A633576F2BF15707008AF034 /* PaddedLabel.swift */; };
		A63357722BF157B9008AF034 /* UILabel.swift in Sources */ = {isa = PBXBuildFile; fileRef = A63357712BF157B9008AF034 /* UILabel.swift */; };
		A63357742BF160B6008AF034 /* TextField.swift in Sources */ = {isa = PBXBuildFile; fileRef = A63357732BF160B6008AF034 /* TextField.swift */; };
		A63357762BF160E9008AF034 /* PasswordField.swift in Sources */ = {isa = PBXBuildFile; fileRef = A63357752BF160E9008AF034 /* PasswordField.swift */; };
		A63357782BF1611F008AF034 /* DatePicker.swift in Sources */ = {isa = PBXBuildFile; fileRef = A63357772BF1611F008AF034 /* DatePicker.swift */; };
		A633577A2BF162A7008AF034 /* String.swift in Sources */ = {isa = PBXBuildFile; fileRef = A63357792BF162A7008AF034 /* String.swift */; };
		A63858272BF8E24B00040677 /* TextView.swift in Sources */ = {isa = PBXBuildFile; fileRef = A63858262BF8E24B00040677 /* TextView.swift */; };
		A6E7FACF2C21844800B01E6C /* ModalCoordinator.swift in Sources */ = {isa = PBXBuildFile; fileRef = A6E7FACE2C21844800B01E6C /* ModalCoordinator.swift */; };
		A6F406822C02D18A00973BD7 /* Helpers.swift in Sources */ = {isa = PBXBuildFile; fileRef = A6F406812C02D18A00973BD7 /* Helpers.swift */; };
		A6F406842C02D19500973BD7 /* Validator.swift in Sources */ = {isa = PBXBuildFile; fileRef = A6F406832C02D19500973BD7 /* Validator.swift */; };
		A6F406862C02D1A300973BD7 /* GeneralFormatter.swift in Sources */ = {isa = PBXBuildFile; fileRef = A6F406852C02D1A300973BD7 /* GeneralFormatter.swift */; };
		A6F406992C02D3A800973BD7 /* Montserrat-BlackItalic.ttf in Resources */ = {isa = PBXBuildFile; fileRef = A6F406872C02D3A700973BD7 /* Montserrat-BlackItalic.ttf */; };
		A6F4069A2C02D3A800973BD7 /* Montserrat-ExtraBold.ttf in Resources */ = {isa = PBXBuildFile; fileRef = A6F406882C02D3A700973BD7 /* Montserrat-ExtraBold.ttf */; };
		A6F4069B2C02D3A800973BD7 /* Montserrat-SemiBoldItalic.ttf in Resources */ = {isa = PBXBuildFile; fileRef = A6F406892C02D3A700973BD7 /* Montserrat-SemiBoldItalic.ttf */; };
		A6F4069C2C02D3A800973BD7 /* Montserrat-BoldItalic.ttf in Resources */ = {isa = PBXBuildFile; fileRef = A6F4068A2C02D3A700973BD7 /* Montserrat-BoldItalic.ttf */; };
		A6F4069D2C02D3A800973BD7 /* Montserrat-Light.ttf in Resources */ = {isa = PBXBuildFile; fileRef = A6F4068B2C02D3A800973BD7 /* Montserrat-Light.ttf */; };
		A6F4069E2C02D3A800973BD7 /* Montserrat-MediumItalic.ttf in Resources */ = {isa = PBXBuildFile; fileRef = A6F4068C2C02D3A800973BD7 /* Montserrat-MediumItalic.ttf */; };
		A6F4069F2C02D3A800973BD7 /* Montserrat-ExtraBoldItalic.ttf in Resources */ = {isa = PBXBuildFile; fileRef = A6F4068D2C02D3A800973BD7 /* Montserrat-ExtraBoldItalic.ttf */; };
		A6F406A02C02D3A800973BD7 /* Montserrat-Regular.ttf in Resources */ = {isa = PBXBuildFile; fileRef = A6F4068E2C02D3A800973BD7 /* Montserrat-Regular.ttf */; };
		A6F406A12C02D3A800973BD7 /* Montserrat-Bold.ttf in Resources */ = {isa = PBXBuildFile; fileRef = A6F4068F2C02D3A800973BD7 /* Montserrat-Bold.ttf */; };
		A6F406A22C02D3A800973BD7 /* Montserrat-ExtraLightItalic.ttf in Resources */ = {isa = PBXBuildFile; fileRef = A6F406902C02D3A800973BD7 /* Montserrat-ExtraLightItalic.ttf */; };
		A6F406A32C02D3A800973BD7 /* Montserrat-Black.ttf in Resources */ = {isa = PBXBuildFile; fileRef = A6F406912C02D3A800973BD7 /* Montserrat-Black.ttf */; };
		A6F406A42C02D3A800973BD7 /* Montserrat-Medium.ttf in Resources */ = {isa = PBXBuildFile; fileRef = A6F406922C02D3A800973BD7 /* Montserrat-Medium.ttf */; };
		A6F406A52C02D3A800973BD7 /* Montserrat-SemiBold.ttf in Resources */ = {isa = PBXBuildFile; fileRef = A6F406932C02D3A800973BD7 /* Montserrat-SemiBold.ttf */; };
		A6F406A62C02D3A800973BD7 /* Montserrat-ThinItalic.ttf in Resources */ = {isa = PBXBuildFile; fileRef = A6F406942C02D3A800973BD7 /* Montserrat-ThinItalic.ttf */; };
		A6F406A72C02D3A800973BD7 /* Montserrat-LightItalic.ttf in Resources */ = {isa = PBXBuildFile; fileRef = A6F406952C02D3A800973BD7 /* Montserrat-LightItalic.ttf */; };
		A6F406A82C02D3A800973BD7 /* Montserrat-ExtraLight.ttf in Resources */ = {isa = PBXBuildFile; fileRef = A6F406962C02D3A800973BD7 /* Montserrat-ExtraLight.ttf */; };
		A6F406A92C02D3A800973BD7 /* Montserrat-Italic.ttf in Resources */ = {isa = PBXBuildFile; fileRef = A6F406972C02D3A800973BD7 /* Montserrat-Italic.ttf */; };
		A6F406AA2C02D3A800973BD7 /* Montserrat-Thin.ttf in Resources */ = {isa = PBXBuildFile; fileRef = A6F406982C02D3A800973BD7 /* Montserrat-Thin.ttf */; };
		A6F406AC2C02D4DC00973BD7 /* UIColor.swift in Sources */ = {isa = PBXBuildFile; fileRef = A6F406AB2C02D4DC00973BD7 /* UIColor.swift */; };
		A6F406AE2C02D57E00973BD7 /* FontLoader.swift in Sources */ = {isa = PBXBuildFile; fileRef = A6F406AD2C02D57E00973BD7 /* FontLoader.swift */; };
		A6F406B02C02DB3800973BD7 /* PrimaryButton.swift in Sources */ = {isa = PBXBuildFile; fileRef = A6F406AF2C02DB3800973BD7 /* PrimaryButton.swift */; };
		A6F406B22C02DB7F00973BD7 /* PlainOutlineButton.swift in Sources */ = {isa = PBXBuildFile; fileRef = A6F406B12C02DB7F00973BD7 /* PlainOutlineButton.swift */; };
		A6F406B42C02DBDA00973BD7 /* UIButton.swift in Sources */ = {isa = PBXBuildFile; fileRef = A6F406B32C02DBDA00973BD7 /* UIButton.swift */; };
		A6FB74482C134EC700A26806 /* SignupView.swift in Sources */ = {isa = PBXBuildFile; fileRef = A6FB74462C134EC700A26806 /* SignupView.swift */; };
		A6FB74492C134EC700A26806 /* SignupView.xib in Resources */ = {isa = PBXBuildFile; fileRef = A6FB74472C134EC700A26806 /* SignupView.xib */; };
		A6FB744C2C13558000A26806 /* ConfirmAccountModal.swift in Sources */ = {isa = PBXBuildFile; fileRef = A6FB744A2C13558000A26806 /* ConfirmAccountModal.swift */; };
		A6FB744D2C13558000A26806 /* ConfirmAccountModal.xib in Resources */ = {isa = PBXBuildFile; fileRef = A6FB744B2C13558000A26806 /* ConfirmAccountModal.xib */; };
		A6FB74502C1355B100A26806 /* CreatePasswordModal.swift in Sources */ = {isa = PBXBuildFile; fileRef = A6FB744E2C1355B100A26806 /* CreatePasswordModal.swift */; };
		A6FB74512C1355B100A26806 /* CreatePasswordModal.xib in Resources */ = {isa = PBXBuildFile; fileRef = A6FB744F2C1355B100A26806 /* CreatePasswordModal.xib */; };
		A6FB74542C1355D900A26806 /* UserInformationModal.swift in Sources */ = {isa = PBXBuildFile; fileRef = A6FB74522C1355D900A26806 /* UserInformationModal.swift */; };
		A6FB74552C1355D900A26806 /* UserInformationModal.xib in Resources */ = {isa = PBXBuildFile; fileRef = A6FB74532C1355D900A26806 /* UserInformationModal.xib */; };
		A6FB74572C13573500A26806 /* CheckboxButton.swift in Sources */ = {isa = PBXBuildFile; fileRef = A6FB74562C13573500A26806 /* CheckboxButton.swift */; };
/* End PBXBuildFile section */

/* Begin PBXFileReference section */
		A6015B0A2BEA223400545164 /* BeachesAndBoats.app */ = {isa = PBXFileReference; explicitFileType = wrapper.application; includeInIndex = 0; path = BeachesAndBoats.app; sourceTree = BUILT_PRODUCTS_DIR; };
		A6015B0D2BEA223400545164 /* AppDelegate.swift */ = {isa = PBXFileReference; lastKnownFileType = sourcecode.swift; path = AppDelegate.swift; sourceTree = "<group>"; };
		A6015B162BEA223600545164 /* Assets.xcassets */ = {isa = PBXFileReference; lastKnownFileType = folder.assetcatalog; path = Assets.xcassets; sourceTree = "<group>"; };
		A6015B192BEA223600545164 /* Base */ = {isa = PBXFileReference; lastKnownFileType = file.storyboard; name = Base; path = Base.lproj/LaunchScreen.storyboard; sourceTree = "<group>"; };
		A6015B1B2BEA223600545164 /* Info.plist */ = {isa = PBXFileReference; lastKnownFileType = text.plist.xml; path = Info.plist; sourceTree = "<group>"; };
		A624F1662BF1003C006D5C95 /* ProfileViewController.swift */ = {isa = PBXFileReference; lastKnownFileType = sourcecode.swift; path = ProfileViewController.swift; sourceTree = "<group>"; };
		A624F1672BF1003C006D5C95 /* ProfileViewController.xib */ = {isa = PBXFileReference; lastKnownFileType = file.xib; path = ProfileViewController.xib; sourceTree = "<group>"; };
		A624F16B2BF100B7006D5C95 /* SettingTableViewCell.swift */ = {isa = PBXFileReference; lastKnownFileType = sourcecode.swift; path = SettingTableViewCell.swift; sourceTree = "<group>"; };
		A624F16C2BF100B7006D5C95 /* SettingTableViewCell.xib */ = {isa = PBXFileReference; lastKnownFileType = file.xib; path = SettingTableViewCell.xib; sourceTree = "<group>"; };
		A624F16F2BF10159006D5C95 /* ProfileModel.swift */ = {isa = PBXFileReference; lastKnownFileType = sourcecode.swift; path = ProfileModel.swift; sourceTree = "<group>"; };
		A624F1742BF10200006D5C95 /* HelpAndSupportTableViewCell.swift */ = {isa = PBXFileReference; lastKnownFileType = sourcecode.swift; path = HelpAndSupportTableViewCell.swift; sourceTree = "<group>"; };
		A624F1752BF10200006D5C95 /* HelpAndSupportTableViewCell.xib */ = {isa = PBXFileReference; lastKnownFileType = file.xib; path = HelpAndSupportTableViewCell.xib; sourceTree = "<group>"; };
		A624F1792BF10267006D5C95 /* HostTableViewCell.swift */ = {isa = PBXFileReference; lastKnownFileType = sourcecode.swift; path = HostTableViewCell.swift; sourceTree = "<group>"; };
		A624F17A2BF10267006D5C95 /* HostTableViewCell.xib */ = {isa = PBXFileReference; lastKnownFileType = file.xib; path = HostTableViewCell.xib; sourceTree = "<group>"; };
		A624F17D2BF10286006D5C95 /* HostModel.swift */ = {isa = PBXFileReference; lastKnownFileType = sourcecode.swift; path = HostModel.swift; sourceTree = "<group>"; };
		A624F17F2BF1029D006D5C95 /* HelpModel.swift */ = {isa = PBXFileReference; lastKnownFileType = sourcecode.swift; path = HelpModel.swift; sourceTree = "<group>"; };
		A624F1812BF102CB006D5C95 /* SettingModel.swift */ = {isa = PBXFileReference; lastKnownFileType = sourcecode.swift; path = SettingModel.swift; sourceTree = "<group>"; };
		A624F1872BF10F7F006D5C95 /* Montserrat.ttf */ = {isa = PBXFileReference; lastKnownFileType = file; path = Montserrat.ttf; sourceTree = "<group>"; };
		A633573B2BF0CAAB008AF034 /* Coordinator.swift */ = {isa = PBXFileReference; lastKnownFileType = sourcecode.swift; path = Coordinator.swift; sourceTree = "<group>"; };
		A633573D2BF0CAB7008AF034 /* AppCoordinator.swift */ = {isa = PBXFileReference; lastKnownFileType = sourcecode.swift; path = AppCoordinator.swift; sourceTree = "<group>"; };
		A633573F2BF0CAF1008AF034 /* BaseNavigationController.swift */ = {isa = PBXFileReference; lastKnownFileType = sourcecode.swift; path = BaseNavigationController.swift; sourceTree = "<group>"; };
		A63357422BF0D0C9008AF034 /* AppWindow.swift */ = {isa = PBXFileReference; lastKnownFileType = sourcecode.swift; path = AppWindow.swift; sourceTree = "<group>"; };
		A63357442BF0D281008AF034 /* Date.swift */ = {isa = PBXFileReference; lastKnownFileType = sourcecode.swift; path = Date.swift; sourceTree = "<group>"; };
		A63357462BF0D2B3008AF034 /* UIView.swift */ = {isa = PBXFileReference; lastKnownFileType = sourcecode.swift; path = UIView.swift; sourceTree = "<group>"; };
		A63357492BF0D30C008AF034 /* Images.swift */ = {isa = PBXFileReference; lastKnownFileType = sourcecode.swift; path = Images.swift; sourceTree = "<group>"; };
		A633574E2BF0D82F008AF034 /* WelcomeScreen.swift */ = {isa = PBXFileReference; lastKnownFileType = sourcecode.swift; path = WelcomeScreen.swift; sourceTree = "<group>"; };
		A633574F2BF0D82F008AF034 /* WelcomeScreen.xib */ = {isa = PBXFileReference; lastKnownFileType = file.xib; path = WelcomeScreen.xib; sourceTree = "<group>"; };
		A63357522BF0D991008AF034 /* ViewControllerExtension.swift */ = {isa = PBXFileReference; lastKnownFileType = sourcecode.swift; path = ViewControllerExtension.swift; sourceTree = "<group>"; };
		A63357542BF0DA84008AF034 /* WalkthroughView.swift */ = {isa = PBXFileReference; lastKnownFileType = sourcecode.swift; path = WalkthroughView.swift; sourceTree = "<group>"; };
		A63357552BF0DA84008AF034 /* WalkthroughView.xib */ = {isa = PBXFileReference; lastKnownFileType = file.xib; path = WalkthroughView.xib; sourceTree = "<group>"; };
		A63357582BF0DCFF008AF034 /* WalkthroughCell.swift */ = {isa = PBXFileReference; lastKnownFileType = sourcecode.swift; path = WalkthroughCell.swift; sourceTree = "<group>"; };
		A63357592BF0DCFF008AF034 /* WalkthroughCell.xib */ = {isa = PBXFileReference; lastKnownFileType = file.xib; path = WalkthroughCell.xib; sourceTree = "<group>"; };
		A633575C2BF1039B008AF034 /* BaseViewController.swift */ = {isa = PBXFileReference; lastKnownFileType = sourcecode.swift; path = BaseViewController.swift; sourceTree = "<group>"; };
		A633575E2BF129A6008AF034 /* LoginView.swift */ = {isa = PBXFileReference; lastKnownFileType = sourcecode.swift; path = LoginView.swift; sourceTree = "<group>"; };
		A633575F2BF129A6008AF034 /* LoginView.xib */ = {isa = PBXFileReference; lastKnownFileType = file.xib; path = LoginView.xib; sourceTree = "<group>"; };
		A63357632BF15302008AF034 /* BaseXib.swift */ = {isa = PBXFileReference; lastKnownFileType = sourcecode.swift; path = BaseXib.swift; sourceTree = "<group>"; };
		A63357652BF153CD008AF034 /* PhoneField.swift */ = {isa = PBXFileReference; lastKnownFileType = sourcecode.swift; path = PhoneField.swift; sourceTree = "<group>"; };
		A63357672BF15406008AF034 /* InputField.swift */ = {isa = PBXFileReference; lastKnownFileType = sourcecode.swift; path = InputField.swift; sourceTree = "<group>"; };
		A63357682BF15406008AF034 /* InputField.xib */ = {isa = PBXFileReference; lastKnownFileType = file.xib; path = InputField.xib; sourceTree = "<group>"; };
		A633576D2BF156F9008AF034 /* Labels.swift */ = {isa = PBXFileReference; lastKnownFileType = sourcecode.swift; path = Labels.swift; sourceTree = "<group>"; };
		A633576F2BF15707008AF034 /* PaddedLabel.swift */ = {isa = PBXFileReference; lastKnownFileType = sourcecode.swift; path = PaddedLabel.swift; sourceTree = "<group>"; };
		A63357712BF157B9008AF034 /* UILabel.swift */ = {isa = PBXFileReference; lastKnownFileType = sourcecode.swift; path = UILabel.swift; sourceTree = "<group>"; };
		A63357732BF160B6008AF034 /* TextField.swift */ = {isa = PBXFileReference; lastKnownFileType = sourcecode.swift; path = TextField.swift; sourceTree = "<group>"; };
		A63357752BF160E9008AF034 /* PasswordField.swift */ = {isa = PBXFileReference; lastKnownFileType = sourcecode.swift; path = PasswordField.swift; sourceTree = "<group>"; };
		A63357772BF1611F008AF034 /* DatePicker.swift */ = {isa = PBXFileReference; lastKnownFileType = sourcecode.swift; path = DatePicker.swift; sourceTree = "<group>"; };
		A63357792BF162A7008AF034 /* String.swift */ = {isa = PBXFileReference; lastKnownFileType = sourcecode.swift; path = String.swift; sourceTree = "<group>"; };
		A63858262BF8E24B00040677 /* TextView.swift */ = {isa = PBXFileReference; lastKnownFileType = sourcecode.swift; path = TextView.swift; sourceTree = "<group>"; };
		A6E7FACE2C21844800B01E6C /* ModalCoordinator.swift */ = {isa = PBXFileReference; lastKnownFileType = sourcecode.swift; path = ModalCoordinator.swift; sourceTree = "<group>"; };
		A6F406812C02D18A00973BD7 /* Helpers.swift */ = {isa = PBXFileReference; lastKnownFileType = sourcecode.swift; path = Helpers.swift; sourceTree = "<group>"; };
		A6F406832C02D19500973BD7 /* Validator.swift */ = {isa = PBXFileReference; lastKnownFileType = sourcecode.swift; path = Validator.swift; sourceTree = "<group>"; };
		A6F406852C02D1A300973BD7 /* GeneralFormatter.swift */ = {isa = PBXFileReference; lastKnownFileType = sourcecode.swift; path = GeneralFormatter.swift; sourceTree = "<group>"; };
		A6F406872C02D3A700973BD7 /* Montserrat-BlackItalic.ttf */ = {isa = PBXFileReference; lastKnownFileType = file; path = "Montserrat-BlackItalic.ttf"; sourceTree = "<group>"; };
		A6F406882C02D3A700973BD7 /* Montserrat-ExtraBold.ttf */ = {isa = PBXFileReference; lastKnownFileType = file; path = "Montserrat-ExtraBold.ttf"; sourceTree = "<group>"; };
		A6F406892C02D3A700973BD7 /* Montserrat-SemiBoldItalic.ttf */ = {isa = PBXFileReference; lastKnownFileType = file; path = "Montserrat-SemiBoldItalic.ttf"; sourceTree = "<group>"; };
		A6F4068A2C02D3A700973BD7 /* Montserrat-BoldItalic.ttf */ = {isa = PBXFileReference; lastKnownFileType = file; path = "Montserrat-BoldItalic.ttf"; sourceTree = "<group>"; };
		A6F4068B2C02D3A800973BD7 /* Montserrat-Light.ttf */ = {isa = PBXFileReference; lastKnownFileType = file; path = "Montserrat-Light.ttf"; sourceTree = "<group>"; };
		A6F4068C2C02D3A800973BD7 /* Montserrat-MediumItalic.ttf */ = {isa = PBXFileReference; lastKnownFileType = file; path = "Montserrat-MediumItalic.ttf"; sourceTree = "<group>"; };
		A6F4068D2C02D3A800973BD7 /* Montserrat-ExtraBoldItalic.ttf */ = {isa = PBXFileReference; lastKnownFileType = file; path = "Montserrat-ExtraBoldItalic.ttf"; sourceTree = "<group>"; };
		A6F4068E2C02D3A800973BD7 /* Montserrat-Regular.ttf */ = {isa = PBXFileReference; lastKnownFileType = file; path = "Montserrat-Regular.ttf"; sourceTree = "<group>"; };
		A6F4068F2C02D3A800973BD7 /* Montserrat-Bold.ttf */ = {isa = PBXFileReference; lastKnownFileType = file; path = "Montserrat-Bold.ttf"; sourceTree = "<group>"; };
		A6F406902C02D3A800973BD7 /* Montserrat-ExtraLightItalic.ttf */ = {isa = PBXFileReference; lastKnownFileType = file; path = "Montserrat-ExtraLightItalic.ttf"; sourceTree = "<group>"; };
		A6F406912C02D3A800973BD7 /* Montserrat-Black.ttf */ = {isa = PBXFileReference; lastKnownFileType = file; path = "Montserrat-Black.ttf"; sourceTree = "<group>"; };
		A6F406922C02D3A800973BD7 /* Montserrat-Medium.ttf */ = {isa = PBXFileReference; lastKnownFileType = file; path = "Montserrat-Medium.ttf"; sourceTree = "<group>"; };
		A6F406932C02D3A800973BD7 /* Montserrat-SemiBold.ttf */ = {isa = PBXFileReference; lastKnownFileType = file; path = "Montserrat-SemiBold.ttf"; sourceTree = "<group>"; };
		A6F406942C02D3A800973BD7 /* Montserrat-ThinItalic.ttf */ = {isa = PBXFileReference; lastKnownFileType = file; path = "Montserrat-ThinItalic.ttf"; sourceTree = "<group>"; };
		A6F406952C02D3A800973BD7 /* Montserrat-LightItalic.ttf */ = {isa = PBXFileReference; lastKnownFileType = file; path = "Montserrat-LightItalic.ttf"; sourceTree = "<group>"; };
		A6F406962C02D3A800973BD7 /* Montserrat-ExtraLight.ttf */ = {isa = PBXFileReference; lastKnownFileType = file; path = "Montserrat-ExtraLight.ttf"; sourceTree = "<group>"; };
		A6F406972C02D3A800973BD7 /* Montserrat-Italic.ttf */ = {isa = PBXFileReference; lastKnownFileType = file; path = "Montserrat-Italic.ttf"; sourceTree = "<group>"; };
		A6F406982C02D3A800973BD7 /* Montserrat-Thin.ttf */ = {isa = PBXFileReference; lastKnownFileType = file; path = "Montserrat-Thin.ttf"; sourceTree = "<group>"; };
		A6F406AB2C02D4DC00973BD7 /* UIColor.swift */ = {isa = PBXFileReference; lastKnownFileType = sourcecode.swift; path = UIColor.swift; sourceTree = "<group>"; };
		A6F406AD2C02D57E00973BD7 /* FontLoader.swift */ = {isa = PBXFileReference; lastKnownFileType = sourcecode.swift; path = FontLoader.swift; sourceTree = "<group>"; };
		A6F406AF2C02DB3800973BD7 /* PrimaryButton.swift */ = {isa = PBXFileReference; lastKnownFileType = sourcecode.swift; path = PrimaryButton.swift; sourceTree = "<group>"; };
		A6F406B12C02DB7F00973BD7 /* PlainOutlineButton.swift */ = {isa = PBXFileReference; lastKnownFileType = sourcecode.swift; path = PlainOutlineButton.swift; sourceTree = "<group>"; };
		A6F406B32C02DBDA00973BD7 /* UIButton.swift */ = {isa = PBXFileReference; lastKnownFileType = sourcecode.swift; path = UIButton.swift; sourceTree = "<group>"; };
		A6FB74462C134EC700A26806 /* SignupView.swift */ = {isa = PBXFileReference; lastKnownFileType = sourcecode.swift; path = SignupView.swift; sourceTree = "<group>"; };
		A6FB74472C134EC700A26806 /* SignupView.xib */ = {isa = PBXFileReference; lastKnownFileType = file.xib; path = SignupView.xib; sourceTree = "<group>"; };
		A6FB744A2C13558000A26806 /* ConfirmAccountModal.swift */ = {isa = PBXFileReference; lastKnownFileType = sourcecode.swift; path = ConfirmAccountModal.swift; sourceTree = "<group>"; };
		A6FB744B2C13558000A26806 /* ConfirmAccountModal.xib */ = {isa = PBXFileReference; lastKnownFileType = file.xib; path = ConfirmAccountModal.xib; sourceTree = "<group>"; };
		A6FB744E2C1355B100A26806 /* CreatePasswordModal.swift */ = {isa = PBXFileReference; lastKnownFileType = sourcecode.swift; path = CreatePasswordModal.swift; sourceTree = "<group>"; };
		A6FB744F2C1355B100A26806 /* CreatePasswordModal.xib */ = {isa = PBXFileReference; lastKnownFileType = file.xib; path = CreatePasswordModal.xib; sourceTree = "<group>"; };
		A6FB74522C1355D900A26806 /* UserInformationModal.swift */ = {isa = PBXFileReference; lastKnownFileType = sourcecode.swift; path = UserInformationModal.swift; sourceTree = "<group>"; };
		A6FB74532C1355D900A26806 /* UserInformationModal.xib */ = {isa = PBXFileReference; lastKnownFileType = file.xib; path = UserInformationModal.xib; sourceTree = "<group>"; };
		A6FB74562C13573500A26806 /* CheckboxButton.swift */ = {isa = PBXFileReference; lastKnownFileType = sourcecode.swift; path = CheckboxButton.swift; sourceTree = "<group>"; };
/* End PBXFileReference section */

/* Begin PBXFrameworksBuildPhase section */
		A6015B072BEA223400545164 /* Frameworks */ = {
			isa = PBXFrameworksBuildPhase;
			buildActionMask = 2147483647;
			files = (
			);
			runOnlyForDeploymentPostprocessing = 0;
		};
/* End PBXFrameworksBuildPhase section */

/* Begin PBXGroup section */
		A6015B012BEA223400545164 = {
			isa = PBXGroup;
			children = (
				A6015B0C2BEA223400545164 /* BeachesAndBoats */,
				A6015B0B2BEA223400545164 /* Products */,
			);
			sourceTree = "<group>";
		};
		A6015B0B2BEA223400545164 /* Products */ = {
			isa = PBXGroup;
			children = (
				A6015B0A2BEA223400545164 /* BeachesAndBoats.app */,
			);
			name = Products;
			sourceTree = "<group>";
		};
		A6015B0C2BEA223400545164 /* BeachesAndBoats */ = {
			isa = PBXGroup;
			children = (
				A63357622BF15208008AF034 /* Components */,
				A624F1862BF10F6B006D5C95 /* Fonts */,
				A633574B2BF0D7D9008AF034 /* Features */,
				A63357482BF0D2F5008AF034 /* Resources */,
				A63357412BF0D09B008AF034 /* Extension */,
				A633573A2BF0CA69008AF034 /* Navigation */,
				A63357392BF0B874008AF034 /* Settings */,
				A6015B182BEA223600545164 /* LaunchScreen.storyboard */,
				A6015B1B2BEA223600545164 /* Info.plist */,
			);
			path = BeachesAndBoats;
			sourceTree = "<group>";
		};
		A624F1652BF10007006D5C95 /* Profile */ = {
			isa = PBXGroup;
			children = (
				A624F1782BF10238006D5C95 /* HostTableCell */,
				A624F1712BF1017B006D5C95 /* HelpAndSupport */,
				A624F16A2BF10093006D5C95 /* SettingTableCell */,
				A624F1662BF1003C006D5C95 /* ProfileViewController.swift */,
				A624F1672BF1003C006D5C95 /* ProfileViewController.xib */,
				A624F16F2BF10159006D5C95 /* ProfileModel.swift */,
			);
			path = Profile;
			sourceTree = "<group>";
		};
		A624F16A2BF10093006D5C95 /* SettingTableCell */ = {
			isa = PBXGroup;
			children = (
				A624F16B2BF100B7006D5C95 /* SettingTableViewCell.swift */,
				A624F16C2BF100B7006D5C95 /* SettingTableViewCell.xib */,
				A624F1812BF102CB006D5C95 /* SettingModel.swift */,
			);
			path = SettingTableCell;
			sourceTree = "<group>";
		};
		A624F1712BF1017B006D5C95 /* HelpAndSupport */ = {
			isa = PBXGroup;
			children = (
				A624F1742BF10200006D5C95 /* HelpAndSupportTableViewCell.swift */,
				A624F1752BF10200006D5C95 /* HelpAndSupportTableViewCell.xib */,
				A624F17F2BF1029D006D5C95 /* HelpModel.swift */,
			);
			path = HelpAndSupport;
			sourceTree = "<group>";
		};
		A624F1782BF10238006D5C95 /* HostTableCell */ = {
			isa = PBXGroup;
			children = (
				A624F1792BF10267006D5C95 /* HostTableViewCell.swift */,
				A624F17A2BF10267006D5C95 /* HostTableViewCell.xib */,
				A624F17D2BF10286006D5C95 /* HostModel.swift */,
			);
			path = HostTableCell;
			sourceTree = "<group>";
		};
		A624F1862BF10F6B006D5C95 /* Fonts */ = {
			isa = PBXGroup;
			children = (
				A6F406912C02D3A800973BD7 /* Montserrat-Black.ttf */,
				A6F406872C02D3A700973BD7 /* Montserrat-BlackItalic.ttf */,
				A6F4068F2C02D3A800973BD7 /* Montserrat-Bold.ttf */,
				A6F4068A2C02D3A700973BD7 /* Montserrat-BoldItalic.ttf */,
				A6F406882C02D3A700973BD7 /* Montserrat-ExtraBold.ttf */,
				A6F4068D2C02D3A800973BD7 /* Montserrat-ExtraBoldItalic.ttf */,
				A6F406962C02D3A800973BD7 /* Montserrat-ExtraLight.ttf */,
				A6F406902C02D3A800973BD7 /* Montserrat-ExtraLightItalic.ttf */,
				A6F406972C02D3A800973BD7 /* Montserrat-Italic.ttf */,
				A6F4068B2C02D3A800973BD7 /* Montserrat-Light.ttf */,
				A6F406952C02D3A800973BD7 /* Montserrat-LightItalic.ttf */,
				A6F406922C02D3A800973BD7 /* Montserrat-Medium.ttf */,
				A6F4068C2C02D3A800973BD7 /* Montserrat-MediumItalic.ttf */,
				A6F4068E2C02D3A800973BD7 /* Montserrat-Regular.ttf */,
				A6F406932C02D3A800973BD7 /* Montserrat-SemiBold.ttf */,
				A6F406892C02D3A700973BD7 /* Montserrat-SemiBoldItalic.ttf */,
				A6F406982C02D3A800973BD7 /* Montserrat-Thin.ttf */,
				A6F406942C02D3A800973BD7 /* Montserrat-ThinItalic.ttf */,
				A624F1872BF10F7F006D5C95 /* Montserrat.ttf */,
				A6F406AD2C02D57E00973BD7 /* FontLoader.swift */,
			);
			path = Fonts;
			sourceTree = "<group>";
		};
		A63357392BF0B874008AF034 /* Settings */ = {
			isa = PBXGroup;
			children = (
				A6015B0D2BEA223400545164 /* AppDelegate.swift */,
				A63357422BF0D0C9008AF034 /* AppWindow.swift */,
				A633575C2BF1039B008AF034 /* BaseViewController.swift */,
			);
			path = Settings;
			sourceTree = "<group>";
		};
		A633573A2BF0CA69008AF034 /* Navigation */ = {
			isa = PBXGroup;
			children = (
				A633573B2BF0CAAB008AF034 /* Coordinator.swift */,
				A633573D2BF0CAB7008AF034 /* AppCoordinator.swift */,
				A633573F2BF0CAF1008AF034 /* BaseNavigationController.swift */,
				A63357522BF0D991008AF034 /* ViewControllerExtension.swift */,
			);
			path = Navigation;
			sourceTree = "<group>";
		};
		A63357412BF0D09B008AF034 /* Extension */ = {
			isa = PBXGroup;
			children = (
				A63357442BF0D281008AF034 /* Date.swift */,
				A63357462BF0D2B3008AF034 /* UIView.swift */,
				A63357712BF157B9008AF034 /* UILabel.swift */,
				A63357792BF162A7008AF034 /* String.swift */,
				A6F406AB2C02D4DC00973BD7 /* UIColor.swift */,
				A6F406B32C02DBDA00973BD7 /* UIButton.swift */,
			);
			path = Extension;
			sourceTree = "<group>";
		};
		A63357482BF0D2F5008AF034 /* Resources */ = {
			isa = PBXGroup;
			children = (
				A6F406802C02D17400973BD7 /* Utilities */,
				A6015B162BEA223600545164 /* Assets.xcassets */,
				A63357492BF0D30C008AF034 /* Images.swift */,
			);
			path = Resources;
			sourceTree = "<group>";
		};
		A633574B2BF0D7D9008AF034 /* Features */ = {
			isa = PBXGroup;
			children = (
				A624F1652BF10007006D5C95 /* Profile */,
				A633574D2BF0D7FC008AF034 /* Onboarding */,
				A633574C2BF0D7F2008AF034 /* Walkthrough */,
			);
			path = Features;
			sourceTree = "<group>";
		};
		A633574C2BF0D7F2008AF034 /* Walkthrough */ = {
			isa = PBXGroup;
			children = (
				A633574E2BF0D82F008AF034 /* WelcomeScreen.swift */,
				A633574F2BF0D82F008AF034 /* WelcomeScreen.xib */,
				A63357542BF0DA84008AF034 /* WalkthroughView.swift */,
				A63357552BF0DA84008AF034 /* WalkthroughView.xib */,
				A63357582BF0DCFF008AF034 /* WalkthroughCell.swift */,
				A63357592BF0DCFF008AF034 /* WalkthroughCell.xib */,
			);
			path = Walkthrough;
			sourceTree = "<group>";
		};
		A633574D2BF0D7FC008AF034 /* Onboarding */ = {
			isa = PBXGroup;
			children = (
				A633575E2BF129A6008AF034 /* LoginView.swift */,
				A633575F2BF129A6008AF034 /* LoginView.xib */,
				A6FB74462C134EC700A26806 /* SignupView.swift */,
				A6FB74472C134EC700A26806 /* SignupView.xib */,
			);
			path = Onboarding;
			sourceTree = "<group>";
		};
		A63357622BF15208008AF034 /* Components */ = {
			isa = PBXGroup;
			children = (
				A67A579B2C0F07E200BC3201 /* Modal */,
				A63858282BF9215000040677 /* Button */,
				A633576C2BF156E5008AF034 /* Labels */,
				A633576B2BF156CB008AF034 /* InputField */,
				A63357632BF15302008AF034 /* BaseXib.swift */,
			);
			path = Components;
			sourceTree = "<group>";
		};
		A633576B2BF156CB008AF034 /* InputField */ = {
			isa = PBXGroup;
			children = (
				A63357652BF153CD008AF034 /* PhoneField.swift */,
				A63357672BF15406008AF034 /* InputField.swift */,
				A63357682BF15406008AF034 /* InputField.xib */,
				A63357732BF160B6008AF034 /* TextField.swift */,
				A63357752BF160E9008AF034 /* PasswordField.swift */,
				A63357772BF1611F008AF034 /* DatePicker.swift */,
				A63858262BF8E24B00040677 /* TextView.swift */,
			);
			path = InputField;
			sourceTree = "<group>";
		};
		A633576C2BF156E5008AF034 /* Labels */ = {
			isa = PBXGroup;
			children = (
				A633576D2BF156F9008AF034 /* Labels.swift */,
				A633576F2BF15707008AF034 /* PaddedLabel.swift */,
			);
			path = Labels;
			sourceTree = "<group>";
		};
		A63858282BF9215000040677 /* Button */ = {
			isa = PBXGroup;
			children = (
				A6F406AF2C02DB3800973BD7 /* PrimaryButton.swift */,
				A6F406B12C02DB7F00973BD7 /* PlainOutlineButton.swift */,
				A6FB74562C13573500A26806 /* CheckboxButton.swift */,
			);
			path = Button;
			sourceTree = "<group>";
		};
		A67A579B2C0F07E200BC3201 /* Modal */ = {
			isa = PBXGroup;
			children = (
				A6FB744A2C13558000A26806 /* ConfirmAccountModal.swift */,
				A6FB744B2C13558000A26806 /* ConfirmAccountModal.xib */,
				A6FB744E2C1355B100A26806 /* CreatePasswordModal.swift */,
				A6FB744F2C1355B100A26806 /* CreatePasswordModal.xib */,
				A6FB74522C1355D900A26806 /* UserInformationModal.swift */,
				A6FB74532C1355D900A26806 /* UserInformationModal.xib */,
				A6E7FACE2C21844800B01E6C /* ModalCoordinator.swift */,
			);
			path = Modal;
			sourceTree = "<group>";
		};
		A6F406802C02D17400973BD7 /* Utilities */ = {
			isa = PBXGroup;
			children = (
				A6F406812C02D18A00973BD7 /* Helpers.swift */,
				A6F406832C02D19500973BD7 /* Validator.swift */,
				A6F406852C02D1A300973BD7 /* GeneralFormatter.swift */,
			);
			path = Utilities;
			sourceTree = "<group>";
		};
/* End PBXGroup section */

/* Begin PBXNativeTarget section */
		A6015B092BEA223400545164 /* BeachesAndBoats */ = {
			isa = PBXNativeTarget;
			buildConfigurationList = A6015B1E2BEA223600545164 /* Build configuration list for PBXNativeTarget "BeachesAndBoats" */;
			buildPhases = (
				A6015B062BEA223400545164 /* Sources */,
				A6015B072BEA223400545164 /* Frameworks */,
				A6015B082BEA223400545164 /* Resources */,
			);
			buildRules = (
			);
			dependencies = (
			);
			name = BeachesAndBoats;
			productName = BeachesAndBoats;
			productReference = A6015B0A2BEA223400545164 /* BeachesAndBoats.app */;
			productType = "com.apple.product-type.application";
		};
/* End PBXNativeTarget section */

/* Begin PBXProject section */
		A6015B022BEA223400545164 /* Project object */ = {
			isa = PBXProject;
			attributes = {
				BuildIndependentTargetsInParallel = 1;
				LastSwiftUpdateCheck = 1520;
				LastUpgradeCheck = 1520;
				TargetAttributes = {
					A6015B092BEA223400545164 = {
						CreatedOnToolsVersion = 15.2;
					};
				};
			};
			buildConfigurationList = A6015B052BEA223400545164 /* Build configuration list for PBXProject "BeachesAndBoats" */;
			compatibilityVersion = "Xcode 14.0";
			developmentRegion = en;
			hasScannedForEncodings = 0;
			knownRegions = (
				en,
				Base,
			);
			mainGroup = A6015B012BEA223400545164;
			productRefGroup = A6015B0B2BEA223400545164 /* Products */;
			projectDirPath = "";
			projectRoot = "";
			targets = (
				A6015B092BEA223400545164 /* BeachesAndBoats */,
			);
		};
/* End PBXProject section */

/* Begin PBXResourcesBuildPhase section */
		A6015B082BEA223400545164 /* Resources */ = {
			isa = PBXResourcesBuildPhase;
			buildActionMask = 2147483647;
			files = (
				A6F406A92C02D3A800973BD7 /* Montserrat-Italic.ttf in Resources */,
				A624F1692BF1003C006D5C95 /* ProfileViewController.xib in Resources */,
				A6F4069F2C02D3A800973BD7 /* Montserrat-ExtraBoldItalic.ttf in Resources */,
				A624F1882BF10F7F006D5C95 /* Montserrat.ttf in Resources */,
				A6F4069D2C02D3A800973BD7 /* Montserrat-Light.ttf in Resources */,
				A6015B1A2BEA223600545164 /* LaunchScreen.storyboard in Resources */,
				A6F4069E2C02D3A800973BD7 /* Montserrat-MediumItalic.ttf in Resources */,
				A6F4069B2C02D3A800973BD7 /* Montserrat-SemiBoldItalic.ttf in Resources */,
				A63357612BF129A6008AF034 /* LoginView.xib in Resources */,
				A6F406A02C02D3A800973BD7 /* Montserrat-Regular.ttf in Resources */,
				A6F406AA2C02D3A800973BD7 /* Montserrat-Thin.ttf in Resources */,
				A6F406A52C02D3A800973BD7 /* Montserrat-SemiBold.ttf in Resources */,
				A6F406A62C02D3A800973BD7 /* Montserrat-ThinItalic.ttf in Resources */,
				A633575B2BF0DCFF008AF034 /* WalkthroughCell.xib in Resources */,
				A6FB74492C134EC700A26806 /* SignupView.xib in Resources */,
				A6F406A32C02D3A800973BD7 /* Montserrat-Black.ttf in Resources */,
				A6FB744D2C13558000A26806 /* ConfirmAccountModal.xib in Resources */,
				A6F4069A2C02D3A800973BD7 /* Montserrat-ExtraBold.ttf in Resources */,
				A624F17C2BF10267006D5C95 /* HostTableViewCell.xib in Resources */,
				A6F4069C2C02D3A800973BD7 /* Montserrat-BoldItalic.ttf in Resources */,
				A6F406A22C02D3A800973BD7 /* Montserrat-ExtraLightItalic.ttf in Resources */,
				A6F406A82C02D3A800973BD7 /* Montserrat-ExtraLight.ttf in Resources */,
				A63357512BF0D82F008AF034 /* WelcomeScreen.xib in Resources */,
				A633576A2BF15406008AF034 /* InputField.xib in Resources */,
				A624F1772BF10200006D5C95 /* HelpAndSupportTableViewCell.xib in Resources */,
				A6F406992C02D3A800973BD7 /* Montserrat-BlackItalic.ttf in Resources */,
				A6FB74512C1355B100A26806 /* CreatePasswordModal.xib in Resources */,
				A6FB74552C1355D900A26806 /* UserInformationModal.xib in Resources */,
				A6015B172BEA223600545164 /* Assets.xcassets in Resources */,
				A624F16E2BF100B7006D5C95 /* SettingTableViewCell.xib in Resources */,
				A63357572BF0DA84008AF034 /* WalkthroughView.xib in Resources */,
				A6F406A42C02D3A800973BD7 /* Montserrat-Medium.ttf in Resources */,
				A6F406A12C02D3A800973BD7 /* Montserrat-Bold.ttf in Resources */,
				A6F406A72C02D3A800973BD7 /* Montserrat-LightItalic.ttf in Resources */,
			);
			runOnlyForDeploymentPostprocessing = 0;
		};
/* End PBXResourcesBuildPhase section */

/* Begin PBXSourcesBuildPhase section */
		A6015B062BEA223400545164 /* Sources */ = {
			isa = PBXSourcesBuildPhase;
			buildActionMask = 2147483647;
			files = (
				A6FB74482C134EC700A26806 /* SignupView.swift in Sources */,
				A633575D2BF1039B008AF034 /* BaseViewController.swift in Sources */,
				A624F1822BF102CB006D5C95 /* SettingModel.swift in Sources */,
				A63357722BF157B9008AF034 /* UILabel.swift in Sources */,
				A624F1702BF10159006D5C95 /* ProfileModel.swift in Sources */,
				A633573C2BF0CAAB008AF034 /* Coordinator.swift in Sources */,
				A63357452BF0D281008AF034 /* Date.swift in Sources */,
				A63357642BF15302008AF034 /* BaseXib.swift in Sources */,
				A63357702BF15707008AF034 /* PaddedLabel.swift in Sources */,
				A63357662BF153CD008AF034 /* PhoneField.swift in Sources */,
				A624F17E2BF10286006D5C95 /* HostModel.swift in Sources */,
				A624F16D2BF100B7006D5C95 /* SettingTableViewCell.swift in Sources */,
				A624F17B2BF10267006D5C95 /* HostTableViewCell.swift in Sources */,
				A63858272BF8E24B00040677 /* TextView.swift in Sources */,
				A63357602BF129A6008AF034 /* LoginView.swift in Sources */,
				A63357762BF160E9008AF034 /* PasswordField.swift in Sources */,
				A63357432BF0D0C9008AF034 /* AppWindow.swift in Sources */,
				A63357562BF0DA84008AF034 /* WalkthroughView.swift in Sources */,
				A6F406AE2C02D57E00973BD7 /* FontLoader.swift in Sources */,
				A6F406B02C02DB3800973BD7 /* PrimaryButton.swift in Sources */,
				A63357502BF0D82F008AF034 /* WelcomeScreen.swift in Sources */,
				A63357472BF0D2B3008AF034 /* UIView.swift in Sources */,
				A6FB74572C13573500A26806 /* CheckboxButton.swift in Sources */,
				A624F1802BF1029D006D5C95 /* HelpModel.swift in Sources */,
				A624F1762BF10200006D5C95 /* HelpAndSupportTableViewCell.swift in Sources */,
				A6FB74542C1355D900A26806 /* UserInformationModal.swift in Sources */,
				A63357402BF0CAF1008AF034 /* BaseNavigationController.swift in Sources */,
				A6F406AC2C02D4DC00973BD7 /* UIColor.swift in Sources */,
				A633576E2BF156F9008AF034 /* Labels.swift in Sources */,
				A6F406862C02D1A300973BD7 /* GeneralFormatter.swift in Sources */,
				A6FB74502C1355B100A26806 /* CreatePasswordModal.swift in Sources */,
				A6FB744C2C13558000A26806 /* ConfirmAccountModal.swift in Sources */,
				A633574A2BF0D30C008AF034 /* Images.swift in Sources */,
				A63357742BF160B6008AF034 /* TextField.swift in Sources */,
				A633575A2BF0DCFF008AF034 /* WalkthroughCell.swift in Sources */,
				A633573E2BF0CAB7008AF034 /* AppCoordinator.swift in Sources */,
				A6F406822C02D18A00973BD7 /* Helpers.swift in Sources */,
				A624F1682BF1003C006D5C95 /* ProfileViewController.swift in Sources */,
				A63357782BF1611F008AF034 /* DatePicker.swift in Sources */,
				A6E7FACF2C21844800B01E6C /* ModalCoordinator.swift in Sources */,
				A63357532BF0D991008AF034 /* ViewControllerExtension.swift in Sources */,
				A6F406B42C02DBDA00973BD7 /* UIButton.swift in Sources */,
				A6F406B22C02DB7F00973BD7 /* PlainOutlineButton.swift in Sources */,
				A63357692BF15406008AF034 /* InputField.swift in Sources */,
				A6F406842C02D19500973BD7 /* Validator.swift in Sources */,
				A633577A2BF162A7008AF034 /* String.swift in Sources */,
				A6015B0E2BEA223400545164 /* AppDelegate.swift in Sources */,
			);
			runOnlyForDeploymentPostprocessing = 0;
		};
/* End PBXSourcesBuildPhase section */

/* Begin PBXVariantGroup section */
		A6015B182BEA223600545164 /* LaunchScreen.storyboard */ = {
			isa = PBXVariantGroup;
			children = (
				A6015B192BEA223600545164 /* Base */,
			);
			name = LaunchScreen.storyboard;
			sourceTree = "<group>";
		};
/* End PBXVariantGroup section */

/* Begin XCBuildConfiguration section */
		A6015B1C2BEA223600545164 /* Debug */ = {
			isa = XCBuildConfiguration;
			buildSettings = {
				ALWAYS_SEARCH_USER_PATHS = NO;
				ASSETCATALOG_COMPILER_GENERATE_SWIFT_ASSET_SYMBOL_EXTENSIONS = YES;
				CLANG_ANALYZER_NONNULL = YES;
				CLANG_ANALYZER_NUMBER_OBJECT_CONVERSION = YES_AGGRESSIVE;
				CLANG_CXX_LANGUAGE_STANDARD = "gnu++20";
				CLANG_ENABLE_MODULES = YES;
				CLANG_ENABLE_OBJC_ARC = YES;
				CLANG_ENABLE_OBJC_WEAK = YES;
				CLANG_WARN_BLOCK_CAPTURE_AUTORELEASING = YES;
				CLANG_WARN_BOOL_CONVERSION = YES;
				CLANG_WARN_COMMA = YES;
				CLANG_WARN_CONSTANT_CONVERSION = YES;
				CLANG_WARN_DEPRECATED_OBJC_IMPLEMENTATIONS = YES;
				CLANG_WARN_DIRECT_OBJC_ISA_USAGE = YES_ERROR;
				CLANG_WARN_DOCUMENTATION_COMMENTS = YES;
				CLANG_WARN_EMPTY_BODY = YES;
				CLANG_WARN_ENUM_CONVERSION = YES;
				CLANG_WARN_INFINITE_RECURSION = YES;
				CLANG_WARN_INT_CONVERSION = YES;
				CLANG_WARN_NON_LITERAL_NULL_CONVERSION = YES;
				CLANG_WARN_OBJC_IMPLICIT_RETAIN_SELF = YES;
				CLANG_WARN_OBJC_LITERAL_CONVERSION = YES;
				CLANG_WARN_OBJC_ROOT_CLASS = YES_ERROR;
				CLANG_WARN_QUOTED_INCLUDE_IN_FRAMEWORK_HEADER = YES;
				CLANG_WARN_RANGE_LOOP_ANALYSIS = YES;
				CLANG_WARN_STRICT_PROTOTYPES = YES;
				CLANG_WARN_SUSPICIOUS_MOVE = YES;
				CLANG_WARN_UNGUARDED_AVAILABILITY = YES_AGGRESSIVE;
				CLANG_WARN_UNREACHABLE_CODE = YES;
				CLANG_WARN__DUPLICATE_METHOD_MATCH = YES;
				COPY_PHASE_STRIP = NO;
				DEBUG_INFORMATION_FORMAT = dwarf;
				ENABLE_STRICT_OBJC_MSGSEND = YES;
				ENABLE_TESTABILITY = YES;
				ENABLE_USER_SCRIPT_SANDBOXING = YES;
				GCC_C_LANGUAGE_STANDARD = gnu17;
				GCC_DYNAMIC_NO_PIC = NO;
				GCC_NO_COMMON_BLOCKS = YES;
				GCC_OPTIMIZATION_LEVEL = 0;
				GCC_PREPROCESSOR_DEFINITIONS = (
					"DEBUG=1",
					"$(inherited)",
				);
				GCC_WARN_64_TO_32_BIT_CONVERSION = YES;
				GCC_WARN_ABOUT_RETURN_TYPE = YES_ERROR;
				GCC_WARN_UNDECLARED_SELECTOR = YES;
				GCC_WARN_UNINITIALIZED_AUTOS = YES_AGGRESSIVE;
				GCC_WARN_UNUSED_FUNCTION = YES;
				GCC_WARN_UNUSED_VARIABLE = YES;
				IPHONEOS_DEPLOYMENT_TARGET = 17.2;
				LOCALIZATION_PREFERS_STRING_CATALOGS = YES;
				MTL_ENABLE_DEBUG_INFO = INCLUDE_SOURCE;
				MTL_FAST_MATH = YES;
				ONLY_ACTIVE_ARCH = YES;
				SDKROOT = iphoneos;
				SWIFT_ACTIVE_COMPILATION_CONDITIONS = "DEBUG $(inherited)";
				SWIFT_OPTIMIZATION_LEVEL = "-Onone";
			};
			name = Debug;
		};
		A6015B1D2BEA223600545164 /* Release */ = {
			isa = XCBuildConfiguration;
			buildSettings = {
				ALWAYS_SEARCH_USER_PATHS = NO;
				ASSETCATALOG_COMPILER_GENERATE_SWIFT_ASSET_SYMBOL_EXTENSIONS = YES;
				CLANG_ANALYZER_NONNULL = YES;
				CLANG_ANALYZER_NUMBER_OBJECT_CONVERSION = YES_AGGRESSIVE;
				CLANG_CXX_LANGUAGE_STANDARD = "gnu++20";
				CLANG_ENABLE_MODULES = YES;
				CLANG_ENABLE_OBJC_ARC = YES;
				CLANG_ENABLE_OBJC_WEAK = YES;
				CLANG_WARN_BLOCK_CAPTURE_AUTORELEASING = YES;
				CLANG_WARN_BOOL_CONVERSION = YES;
				CLANG_WARN_COMMA = YES;
				CLANG_WARN_CONSTANT_CONVERSION = YES;
				CLANG_WARN_DEPRECATED_OBJC_IMPLEMENTATIONS = YES;
				CLANG_WARN_DIRECT_OBJC_ISA_USAGE = YES_ERROR;
				CLANG_WARN_DOCUMENTATION_COMMENTS = YES;
				CLANG_WARN_EMPTY_BODY = YES;
				CLANG_WARN_ENUM_CONVERSION = YES;
				CLANG_WARN_INFINITE_RECURSION = YES;
				CLANG_WARN_INT_CONVERSION = YES;
				CLANG_WARN_NON_LITERAL_NULL_CONVERSION = YES;
				CLANG_WARN_OBJC_IMPLICIT_RETAIN_SELF = YES;
				CLANG_WARN_OBJC_LITERAL_CONVERSION = YES;
				CLANG_WARN_OBJC_ROOT_CLASS = YES_ERROR;
				CLANG_WARN_QUOTED_INCLUDE_IN_FRAMEWORK_HEADER = YES;
				CLANG_WARN_RANGE_LOOP_ANALYSIS = YES;
				CLANG_WARN_STRICT_PROTOTYPES = YES;
				CLANG_WARN_SUSPICIOUS_MOVE = YES;
				CLANG_WARN_UNGUARDED_AVAILABILITY = YES_AGGRESSIVE;
				CLANG_WARN_UNREACHABLE_CODE = YES;
				CLANG_WARN__DUPLICATE_METHOD_MATCH = YES;
				COPY_PHASE_STRIP = NO;
				DEBUG_INFORMATION_FORMAT = "dwarf-with-dsym";
				ENABLE_NS_ASSERTIONS = NO;
				ENABLE_STRICT_OBJC_MSGSEND = YES;
				ENABLE_USER_SCRIPT_SANDBOXING = YES;
				GCC_C_LANGUAGE_STANDARD = gnu17;
				GCC_NO_COMMON_BLOCKS = YES;
				GCC_WARN_64_TO_32_BIT_CONVERSION = YES;
				GCC_WARN_ABOUT_RETURN_TYPE = YES_ERROR;
				GCC_WARN_UNDECLARED_SELECTOR = YES;
				GCC_WARN_UNINITIALIZED_AUTOS = YES_AGGRESSIVE;
				GCC_WARN_UNUSED_FUNCTION = YES;
				GCC_WARN_UNUSED_VARIABLE = YES;
				IPHONEOS_DEPLOYMENT_TARGET = 17.2;
				LOCALIZATION_PREFERS_STRING_CATALOGS = YES;
				MTL_ENABLE_DEBUG_INFO = NO;
				MTL_FAST_MATH = YES;
				SDKROOT = iphoneos;
				SWIFT_COMPILATION_MODE = wholemodule;
				VALIDATE_PRODUCT = YES;
			};
			name = Release;
		};
		A6015B1F2BEA223600545164 /* Debug */ = {
			isa = XCBuildConfiguration;
			buildSettings = {
				ASSETCATALOG_COMPILER_APPICON_NAME = AppIcon;
				ASSETCATALOG_COMPILER_GLOBAL_ACCENT_COLOR_NAME = AccentColor;
				CODE_SIGN_STYLE = Manual;
				CURRENT_PROJECT_VERSION = 1;
				DEVELOPMENT_TEAM = "";
				GENERATE_INFOPLIST_FILE = YES;
				INFOPLIST_FILE = BeachesAndBoats/Info.plist;
				INFOPLIST_KEY_UIApplicationSupportsIndirectInputEvents = YES;
				INFOPLIST_KEY_UILaunchStoryboardName = LaunchScreen;
				INFOPLIST_KEY_UISupportedInterfaceOrientations_iPad = "UIInterfaceOrientationPortrait UIInterfaceOrientationPortraitUpsideDown UIInterfaceOrientationLandscapeLeft UIInterfaceOrientationLandscapeRight";
				INFOPLIST_KEY_UISupportedInterfaceOrientations_iPhone = "UIInterfaceOrientationPortrait UIInterfaceOrientationLandscapeLeft UIInterfaceOrientationLandscapeRight";
				LD_RUNPATH_SEARCH_PATHS = (
					"$(inherited)",
					"@executable_path/Frameworks",
				);
				MARKETING_VERSION = 1.0;
				PRODUCT_BUNDLE_IDENTIFIER = com.tbam.BeachesAndBoats;
				PRODUCT_NAME = "$(TARGET_NAME)";
				PROVISIONING_PROFILE_SPECIFIER = "";
				SWIFT_EMIT_LOC_STRINGS = YES;
				SWIFT_VERSION = 5.0;
				TARGETED_DEVICE_FAMILY = "1,2";
			};
			name = Debug;
		};
		A6015B202BEA223600545164 /* Release */ = {
			isa = XCBuildConfiguration;
			buildSettings = {
				ASSETCATALOG_COMPILER_APPICON_NAME = AppIcon;
				ASSETCATALOG_COMPILER_GLOBAL_ACCENT_COLOR_NAME = AccentColor;
				CODE_SIGN_STYLE = Manual;
				CURRENT_PROJECT_VERSION = 1;
				DEVELOPMENT_TEAM = "";
				GENERATE_INFOPLIST_FILE = YES;
				INFOPLIST_FILE = BeachesAndBoats/Info.plist;
				INFOPLIST_KEY_UIApplicationSupportsIndirectInputEvents = YES;
				INFOPLIST_KEY_UILaunchStoryboardName = LaunchScreen;
				INFOPLIST_KEY_UISupportedInterfaceOrientations_iPad = "UIInterfaceOrientationPortrait UIInterfaceOrientationPortraitUpsideDown UIInterfaceOrientationLandscapeLeft UIInterfaceOrientationLandscapeRight";
				INFOPLIST_KEY_UISupportedInterfaceOrientations_iPhone = "UIInterfaceOrientationPortrait UIInterfaceOrientationLandscapeLeft UIInterfaceOrientationLandscapeRight";
				LD_RUNPATH_SEARCH_PATHS = (
					"$(inherited)",
					"@executable_path/Frameworks",
				);
				MARKETING_VERSION = 1.0;
				PRODUCT_BUNDLE_IDENTIFIER = com.tbam.BeachesAndBoats;
				PRODUCT_NAME = "$(TARGET_NAME)";
				PROVISIONING_PROFILE_SPECIFIER = "";
				SWIFT_EMIT_LOC_STRINGS = YES;
				SWIFT_VERSION = 5.0;
				TARGETED_DEVICE_FAMILY = "1,2";
			};
			name = Release;
		};
/* End XCBuildConfiguration section */

/* Begin XCConfigurationList section */
		A6015B052BEA223400545164 /* Build configuration list for PBXProject "BeachesAndBoats" */ = {
			isa = XCConfigurationList;
			buildConfigurations = (
				A6015B1C2BEA223600545164 /* Debug */,
				A6015B1D2BEA223600545164 /* Release */,
			);
			defaultConfigurationIsVisible = 0;
			defaultConfigurationName = Release;
		};
		A6015B1E2BEA223600545164 /* Build configuration list for PBXNativeTarget "BeachesAndBoats" */ = {
			isa = XCConfigurationList;
			buildConfigurations = (
				A6015B1F2BEA223600545164 /* Debug */,
				A6015B202BEA223600545164 /* Release */,
			);
			defaultConfigurationIsVisible = 0;
			defaultConfigurationName = Release;
		};
/* End XCConfigurationList section */
	};
	rootObject = A6015B022BEA223400545164 /* Project object */;
}
