// !$*UTF8*$!
{
	archiveVersion = 1;
	classes = {
	};
	objectVersion = 56;
	objects = {

/* Begin PBXBuildFile section */
		A6015B0E2BEA223400545164 /* AppDelegate.swift in Sources */ = {isa = PBXBuildFile; fileRef = A6015B0D2BEA223400545164 /* AppDelegate.swift */; };
		A6015B1A2BEA223600545164 /* LaunchScreen.storyboard in Resources */ = {isa = PBXBuildFile; fileRef = A6015B182BEA223600545164 /* LaunchScreen.storyboard */; };
		A603B5872C0BCAA0003BD6AC /* DestinationSearchViewController.swift in Sources */ = {isa = PBXBuildFile; fileRef = A603B5852C0BCAA0003BD6AC /* DestinationSearchViewController.swift */; };
		A603B5882C0BCAA0003BD6AC /* DestinationSearchViewController.xib in Resources */ = {isa = PBXBuildFile; fileRef = A603B5862C0BCAA0003BD6AC /* DestinationSearchViewController.xib */; };
		A61C23572BF8B704007F25CB /* UpcomingBookingCollectionViewCell.swift in Sources */ = {isa = PBXBuildFile; fileRef = A61C23552BF8B704007F25CB /* UpcomingBookingCollectionViewCell.swift */; };
		A61C23582BF8B704007F25CB /* UpcomingBookingCollectionViewCell.xib in Resources */ = {isa = PBXBuildFile; fileRef = A61C23562BF8B704007F25CB /* UpcomingBookingCollectionViewCell.xib */; };
		A61C235B2BF8B716007F25CB /* PastBookingCollectionViewCell.swift in Sources */ = {isa = PBXBuildFile; fileRef = A61C23592BF8B716007F25CB /* PastBookingCollectionViewCell.swift */; };
		A61C235C2BF8B716007F25CB /* PastBookingCollectionViewCell.xib in Resources */ = {isa = PBXBuildFile; fileRef = A61C235A2BF8B716007F25CB /* PastBookingCollectionViewCell.xib */; };
		A61C235E2BF8FD10007F25CB /* ButtonBottomBorder.swift in Sources */ = {isa = PBXBuildFile; fileRef = A61C235D2BF8FD10007F25CB /* ButtonBottomBorder.swift */; };
		A61C23612BF91BC3007F25CB /* SortViewController.swift in Sources */ = {isa = PBXBuildFile; fileRef = A61C235F2BF91BC3007F25CB /* SortViewController.swift */; };
		A61C23622BF91BC3007F25CB /* SortViewController.xib in Resources */ = {isa = PBXBuildFile; fileRef = A61C23602BF91BC3007F25CB /* SortViewController.xib */; };
		A624F1682BF1003C006D5C95 /* ProfileViewController.swift in Sources */ = {isa = PBXBuildFile; fileRef = A624F1662BF1003C006D5C95 /* ProfileViewController.swift */; };
		A624F1692BF1003C006D5C95 /* ProfileViewController.xib in Resources */ = {isa = PBXBuildFile; fileRef = A624F1672BF1003C006D5C95 /* ProfileViewController.xib */; };
		A624F16D2BF100B7006D5C95 /* SettingTableViewCell.swift in Sources */ = {isa = PBXBuildFile; fileRef = A624F16B2BF100B7006D5C95 /* SettingTableViewCell.swift */; };
		A624F16E2BF100B7006D5C95 /* SettingTableViewCell.xib in Resources */ = {isa = PBXBuildFile; fileRef = A624F16C2BF100B7006D5C95 /* SettingTableViewCell.xib */; };
		A624F1702BF10159006D5C95 /* ProfileModel.swift in Sources */ = {isa = PBXBuildFile; fileRef = A624F16F2BF10159006D5C95 /* ProfileModel.swift */; };
		A624F1762BF10200006D5C95 /* HelpAndSupportTableViewCell.swift in Sources */ = {isa = PBXBuildFile; fileRef = A624F1742BF10200006D5C95 /* HelpAndSupportTableViewCell.swift */; };
		A624F1772BF10200006D5C95 /* HelpAndSupportTableViewCell.xib in Resources */ = {isa = PBXBuildFile; fileRef = A624F1752BF10200006D5C95 /* HelpAndSupportTableViewCell.xib */; };
		A624F17B2BF10267006D5C95 /* HostTableViewCell.swift in Sources */ = {isa = PBXBuildFile; fileRef = A624F1792BF10267006D5C95 /* HostTableViewCell.swift */; };
		A624F17C2BF10267006D5C95 /* HostTableViewCell.xib in Resources */ = {isa = PBXBuildFile; fileRef = A624F17A2BF10267006D5C95 /* HostTableViewCell.xib */; };
		A624F17E2BF10286006D5C95 /* HostModel.swift in Sources */ = {isa = PBXBuildFile; fileRef = A624F17D2BF10286006D5C95 /* HostModel.swift */; };
		A624F1802BF1029D006D5C95 /* HelpModel.swift in Sources */ = {isa = PBXBuildFile; fileRef = A624F17F2BF1029D006D5C95 /* HelpModel.swift */; };
		A624F1822BF102CB006D5C95 /* SettingModel.swift in Sources */ = {isa = PBXBuildFile; fileRef = A624F1812BF102CB006D5C95 /* SettingModel.swift */; };
		A624F1882BF10F7F006D5C95 /* Montserrat.ttf in Resources */ = {isa = PBXBuildFile; fileRef = A624F1872BF10F7F006D5C95 /* Montserrat.ttf */; };
		A624F1912BF1596E006D5C95 /* ManageAccountViewController.swift in Sources */ = {isa = PBXBuildFile; fileRef = A624F18F2BF1596E006D5C95 /* ManageAccountViewController.swift */; };
		A624F1922BF1596E006D5C95 /* ManageAccountViewController.xib in Resources */ = {isa = PBXBuildFile; fileRef = A624F1902BF1596E006D5C95 /* ManageAccountViewController.xib */; };
		A624F1982BF16CB7006D5C95 /* PaymentViewController.swift in Sources */ = {isa = PBXBuildFile; fileRef = A624F1962BF16CB7006D5C95 /* PaymentViewController.swift */; };
		A624F1992BF16CB7006D5C95 /* PaymentViewController.xib in Resources */ = {isa = PBXBuildFile; fileRef = A624F1972BF16CB7006D5C95 /* PaymentViewController.xib */; };
		A624F19C2BF17930006D5C95 /* PaymentOptionsViewController.swift in Sources */ = {isa = PBXBuildFile; fileRef = A624F19A2BF17930006D5C95 /* PaymentOptionsViewController.swift */; };
		A624F19D2BF17930006D5C95 /* PaymentOptionsViewController.xib in Resources */ = {isa = PBXBuildFile; fileRef = A624F19B2BF17930006D5C95 /* PaymentOptionsViewController.xib */; };
		A624F19F2BF18F4B006D5C95 /* Assets.xcassets 12-54-14-910 AM.xcassets in Resources */ = {isa = PBXBuildFile; fileRef = A624F19E2BF18F4B006D5C95 /* Assets.xcassets 12-54-14-910 AM.xcassets */; };
		A624F1A22BF1918A006D5C95 /* CreditCardPaymentViewController.swift in Sources */ = {isa = PBXBuildFile; fileRef = A624F1A02BF1918A006D5C95 /* CreditCardPaymentViewController.swift */; };
		A624F1A32BF1918A006D5C95 /* CreditCardPaymentViewController.xib in Resources */ = {isa = PBXBuildFile; fileRef = A624F1A12BF1918A006D5C95 /* CreditCardPaymentViewController.xib */; };
		A630A1F02C011D6F0028E262 /* BookingCancelViewController.swift in Sources */ = {isa = PBXBuildFile; fileRef = A630A1EE2C011D6F0028E262 /* BookingCancelViewController.swift */; };
		A630A1F12C011D6F0028E262 /* BookingCancelViewController.xib in Resources */ = {isa = PBXBuildFile; fileRef = A630A1EF2C011D6F0028E262 /* BookingCancelViewController.xib */; };
		A630A1F42C0122D50028E262 /* GroundRulesViewController.swift in Sources */ = {isa = PBXBuildFile; fileRef = A630A1F22C0122D50028E262 /* GroundRulesViewController.swift */; };
		A630A1F52C0122D50028E262 /* GroundRulesViewController.xib in Resources */ = {isa = PBXBuildFile; fileRef = A630A1F32C0122D50028E262 /* GroundRulesViewController.xib */; };
		A633573C2BF0CAAB008AF034 /* Coordinator.swift in Sources */ = {isa = PBXBuildFile; fileRef = A633573B2BF0CAAB008AF034 /* Coordinator.swift */; };
		A633573E2BF0CAB7008AF034 /* AppCoordinator.swift in Sources */ = {isa = PBXBuildFile; fileRef = A633573D2BF0CAB7008AF034 /* AppCoordinator.swift */; };
		A63357402BF0CAF1008AF034 /* BaseNavigationController.swift in Sources */ = {isa = PBXBuildFile; fileRef = A633573F2BF0CAF1008AF034 /* BaseNavigationController.swift */; };
		A63357432BF0D0C9008AF034 /* AppWindow.swift in Sources */ = {isa = PBXBuildFile; fileRef = A63357422BF0D0C9008AF034 /* AppWindow.swift */; };
		A63357452BF0D281008AF034 /* Date.swift in Sources */ = {isa = PBXBuildFile; fileRef = A63357442BF0D281008AF034 /* Date.swift */; };
		A63357472BF0D2B3008AF034 /* UIView.swift in Sources */ = {isa = PBXBuildFile; fileRef = A63357462BF0D2B3008AF034 /* UIView.swift */; };
		A633574A2BF0D30C008AF034 /* Images.swift in Sources */ = {isa = PBXBuildFile; fileRef = A63357492BF0D30C008AF034 /* Images.swift */; };
		A63357502BF0D82F008AF034 /* WelcomeScreen.swift in Sources */ = {isa = PBXBuildFile; fileRef = A633574E2BF0D82F008AF034 /* WelcomeScreen.swift */; };
		A63357512BF0D82F008AF034 /* WelcomeScreen.xib in Resources */ = {isa = PBXBuildFile; fileRef = A633574F2BF0D82F008AF034 /* WelcomeScreen.xib */; };
		A63357532BF0D991008AF034 /* ViewControllerExtension.swift in Sources */ = {isa = PBXBuildFile; fileRef = A63357522BF0D991008AF034 /* ViewControllerExtension.swift */; };
		A63357562BF0DA84008AF034 /* WalkthroughView.swift in Sources */ = {isa = PBXBuildFile; fileRef = A63357542BF0DA84008AF034 /* WalkthroughView.swift */; };
		A63357572BF0DA84008AF034 /* WalkthroughView.xib in Resources */ = {isa = PBXBuildFile; fileRef = A63357552BF0DA84008AF034 /* WalkthroughView.xib */; };
		A633575A2BF0DCFF008AF034 /* WalkthroughCell.swift in Sources */ = {isa = PBXBuildFile; fileRef = A63357582BF0DCFF008AF034 /* WalkthroughCell.swift */; };
		A633575B2BF0DCFF008AF034 /* WalkthroughCell.xib in Resources */ = {isa = PBXBuildFile; fileRef = A63357592BF0DCFF008AF034 /* WalkthroughCell.xib */; };
		A633575D2BF1039B008AF034 /* BaseViewController.swift in Sources */ = {isa = PBXBuildFile; fileRef = A633575C2BF1039B008AF034 /* BaseViewController.swift */; };
		A63357602BF129A6008AF034 /* LoginView.swift in Sources */ = {isa = PBXBuildFile; fileRef = A633575E2BF129A6008AF034 /* LoginView.swift */; };
		A63357612BF129A6008AF034 /* LoginView.xib in Resources */ = {isa = PBXBuildFile; fileRef = A633575F2BF129A6008AF034 /* LoginView.xib */; };
		A63630392BFB496200372E77 /* BookingDetailsViewController.swift in Sources */ = {isa = PBXBuildFile; fileRef = A63630372BFB496200372E77 /* BookingDetailsViewController.swift */; };
		A636303A2BFB496200372E77 /* BookingDetailsViewController.xib in Resources */ = {isa = PBXBuildFile; fileRef = A63630382BFB496200372E77 /* BookingDetailsViewController.xib */; };
		A637E2D72BF3893900EAF938 /* PhoneNumberBottomModal.swift in Sources */ = {isa = PBXBuildFile; fileRef = A637E2D52BF3893900EAF938 /* PhoneNumberBottomModal.swift */; };
		A637E2D82BF3893900EAF938 /* PhoneNumberBottomModal.xib in Resources */ = {isa = PBXBuildFile; fileRef = A637E2D62BF3893900EAF938 /* PhoneNumberBottomModal.xib */; };
		A637E2DA2BF397A600EAF938 /* ViewlTopCornerRadius.swift in Sources */ = {isa = PBXBuildFile; fileRef = A637E2D92BF397A600EAF938 /* ViewlTopCornerRadius.swift */; };
		A637E2DD2BF3F86D00EAF938 /* otpBottomModalViewController.swift in Sources */ = {isa = PBXBuildFile; fileRef = A637E2DB2BF3F86D00EAF938 /* otpBottomModalViewController.swift */; };
		A637E2DE2BF3F86D00EAF938 /* otpBottomModalViewController.xib in Resources */ = {isa = PBXBuildFile; fileRef = A637E2DC2BF3F86D00EAF938 /* otpBottomModalViewController.xib */; };
		A637E2E22BF4B51D00EAF938 /* CloseView.swift in Sources */ = {isa = PBXBuildFile; fileRef = A637E2E12BF4B51D00EAF938 /* CloseView.swift */; };
		A637E2E42BF54D3800EAF938 /* PopUpModal.xib in Resources */ = {isa = PBXBuildFile; fileRef = A637E2E32BF54D3800EAF938 /* PopUpModal.xib */; };
		A637E2E62BF54DDE00EAF938 /* PopUpModal.swift in Sources */ = {isa = PBXBuildFile; fileRef = A637E2E52BF54DDE00EAF938 /* PopUpModal.swift */; };
		A637E2E82BF5552C00EAF938 /* BaseView.swift in Sources */ = {isa = PBXBuildFile; fileRef = A637E2E72BF5552C00EAF938 /* BaseView.swift */; };
		A6451E722C047893006E985E /* subCategoryCollectionViewCell.xib in Resources */ = {isa = PBXBuildFile; fileRef = A6451E712C047893006E985E /* subCategoryCollectionViewCell.xib */; };
		A6451E732C047893006E985E /* subCategoryCollectionViewCell.swift in Sources */ = {isa = PBXBuildFile; fileRef = A6451E702C047893006E985E /* subCategoryCollectionViewCell.swift */; };
		A67120AB2C07426200A41B9B /* TopRatedCollectionViewCell.swift in Sources */ = {isa = PBXBuildFile; fileRef = A67120A92C07426200A41B9B /* TopRatedCollectionViewCell.swift */; };
		A67120AC2C07426200A41B9B /* TopRatedCollectionViewCell.xib in Resources */ = {isa = PBXBuildFile; fileRef = A67120AA2C07426200A41B9B /* TopRatedCollectionViewCell.xib */; };
		A67120B32C08B5DB00A41B9B /* OthersTableViewCell.swift in Sources */ = {isa = PBXBuildFile; fileRef = A67120B12C08B5DB00A41B9B /* OthersTableViewCell.swift */; };
		A67120B42C08B5DB00A41B9B /* OthersTableViewCell.xib in Resources */ = {isa = PBXBuildFile; fileRef = A67120B22C08B5DB00A41B9B /* OthersTableViewCell.xib */; };
		A682D4982BF2A7C800926A0E /* LoginSecurityViewController.swift in Sources */ = {isa = PBXBuildFile; fileRef = A682D4962BF2A7C800926A0E /* LoginSecurityViewController.swift */; };
		A682D4992BF2A7C800926A0E /* LoginSecurityViewController.xib in Resources */ = {isa = PBXBuildFile; fileRef = A682D4972BF2A7C800926A0E /* LoginSecurityViewController.xib */; };
		A682D49C2BF353EE00926A0E /* NavigationUtility.swift in Sources */ = {isa = PBXBuildFile; fileRef = A682D49B2BF353EE00926A0E /* NavigationUtility.swift */; };
		A682D4E72BF3715300926A0E /* DoubleAuthViewController.swift in Sources */ = {isa = PBXBuildFile; fileRef = A682D4E52BF3715300926A0E /* DoubleAuthViewController.swift */; };
		A682D4E82BF3715300926A0E /* DoubleAuthViewController.xib in Resources */ = {isa = PBXBuildFile; fileRef = A682D4E62BF3715300926A0E /* DoubleAuthViewController.xib */; };
		A68DF31D2BF6293E00C77268 /* NotificationViewController.swift in Sources */ = {isa = PBXBuildFile; fileRef = A68DF31B2BF6293E00C77268 /* NotificationViewController.swift */; };
		A68DF31E2BF6293E00C77268 /* NotificationViewController.xib in Resources */ = {isa = PBXBuildFile; fileRef = A68DF31C2BF6293E00C77268 /* NotificationViewController.xib */; };
		A68DF3212BF633ED00C77268 /* NotificationTableViewCell.swift in Sources */ = {isa = PBXBuildFile; fileRef = A68DF31F2BF633ED00C77268 /* NotificationTableViewCell.swift */; };
		A68DF3222BF633ED00C77268 /* NotificationTableViewCell.xib in Resources */ = {isa = PBXBuildFile; fileRef = A68DF3202BF633ED00C77268 /* NotificationTableViewCell.xib */; };
		A68DF3242BF63F0E00C77268 /* NotificationModel.swift in Sources */ = {isa = PBXBuildFile; fileRef = A68DF3232BF63F0E00C77268 /* NotificationModel.swift */; };
		A68DF3272BF650B800C77268 /* ContactSupportViewController.swift in Sources */ = {isa = PBXBuildFile; fileRef = A68DF3252BF650B800C77268 /* ContactSupportViewController.swift */; };
		A68DF3282BF650B800C77268 /* ContactSupportViewController.xib in Resources */ = {isa = PBXBuildFile; fileRef = A68DF3262BF650B800C77268 /* ContactSupportViewController.xib */; };
		A68DF32B2BF6561D00C77268 /* ChatViewController.swift in Sources */ = {isa = PBXBuildFile; fileRef = A68DF3292BF6561D00C77268 /* ChatViewController.swift */; };
		A68DF32C2BF6561D00C77268 /* ChatViewController.xib in Resources */ = {isa = PBXBuildFile; fileRef = A68DF32A2BF6561D00C77268 /* ChatViewController.xib */; };
		A68DF32F2BF6A04300C77268 /* SafetyAndGuidelinesViewController.swift in Sources */ = {isa = PBXBuildFile; fileRef = A68DF32D2BF6A04300C77268 /* SafetyAndGuidelinesViewController.swift */; };
		A68DF3302BF6A04300C77268 /* SafetyAndGuidelinesViewController.xib in Resources */ = {isa = PBXBuildFile; fileRef = A68DF32E2BF6A04300C77268 /* SafetyAndGuidelinesViewController.xib */; };
		A68DF3332BF6A14B00C77268 /* CallViewController.swift in Sources */ = {isa = PBXBuildFile; fileRef = A68DF3312BF6A14B00C77268 /* CallViewController.swift */; };
		A68DF3342BF6A14B00C77268 /* CallViewController.xib in Resources */ = {isa = PBXBuildFile; fileRef = A68DF3322BF6A14B00C77268 /* CallViewController.xib */; };
		A68DF3382BF75C5A00C77268 /* BookingViewController.swift in Sources */ = {isa = PBXBuildFile; fileRef = A68DF3362BF75C5A00C77268 /* BookingViewController.swift */; };
		A68DF3392BF75C5A00C77268 /* BookingViewController.xib in Resources */ = {isa = PBXBuildFile; fileRef = A68DF3372BF75C5A00C77268 /* BookingViewController.xib */; };
		A68DF33C2BF75F3C00C77268 /* BookingTableViewCell.swift in Sources */ = {isa = PBXBuildFile; fileRef = A68DF33A2BF75F3C00C77268 /* BookingTableViewCell.swift */; };
		A68DF33D2BF75F3C00C77268 /* BookingTableViewCell.xib in Resources */ = {isa = PBXBuildFile; fileRef = A68DF33B2BF75F3C00C77268 /* BookingTableViewCell.xib */; };
		A68DF33F2BF7633300C77268 /* BookingModel.swift in Sources */ = {isa = PBXBuildFile; fileRef = A68DF33E2BF7633300C77268 /* BookingModel.swift */; };
		A6B4B09E2BFE3AA0005B5F2E /* UtilitiesCollectionViewCell.swift in Sources */ = {isa = PBXBuildFile; fileRef = A6B4B09C2BFE3AA0005B5F2E /* UtilitiesCollectionViewCell.swift */; };
		A6B4B09F2BFE3AA0005B5F2E /* UtilitiesCollectionViewCell.xib in Resources */ = {isa = PBXBuildFile; fileRef = A6B4B09D2BFE3AA0005B5F2E /* UtilitiesCollectionViewCell.xib */; };
		A6EAE5712BFF4ACB00B68733 /* ReviewViewController.swift in Sources */ = {isa = PBXBuildFile; fileRef = A6EAE56F2BFF4ACB00B68733 /* ReviewViewController.swift */; };
		A6EAE5722BFF4ACB00B68733 /* ReviewViewController.xib in Resources */ = {isa = PBXBuildFile; fileRef = A6EAE5702BFF4ACB00B68733 /* ReviewViewController.xib */; };
		A6FDFB372C03D85D0040B3F4 /* HomePageViewController.swift in Sources */ = {isa = PBXBuildFile; fileRef = A6FDFB352C03D85D0040B3F4 /* HomePageViewController.swift */; };
		A6FDFB382C03D85D0040B3F4 /* HomePageViewController.xib in Resources */ = {isa = PBXBuildFile; fileRef = A6FDFB362C03D85D0040B3F4 /* HomePageViewController.xib */; };
/* End PBXBuildFile section */

/* Begin PBXFileReference section */
		A6015B0A2BEA223400545164 /* BeachesAndBoats.app */ = {isa = PBXFileReference; explicitFileType = wrapper.application; includeInIndex = 0; path = BeachesAndBoats.app; sourceTree = BUILT_PRODUCTS_DIR; };
		A6015B0D2BEA223400545164 /* AppDelegate.swift */ = {isa = PBXFileReference; lastKnownFileType = sourcecode.swift; path = AppDelegate.swift; sourceTree = "<group>"; };
		A6015B192BEA223600545164 /* Base */ = {isa = PBXFileReference; lastKnownFileType = file.storyboard; name = Base; path = Base.lproj/LaunchScreen.storyboard; sourceTree = "<group>"; };
		A6015B1B2BEA223600545164 /* Info.plist */ = {isa = PBXFileReference; lastKnownFileType = text.plist.xml; path = Info.plist; sourceTree = "<group>"; };
		A603B5852C0BCAA0003BD6AC /* DestinationSearchViewController.swift */ = {isa = PBXFileReference; lastKnownFileType = sourcecode.swift; path = DestinationSearchViewController.swift; sourceTree = "<group>"; };
		A603B5862C0BCAA0003BD6AC /* DestinationSearchViewController.xib */ = {isa = PBXFileReference; lastKnownFileType = file.xib; path = DestinationSearchViewController.xib; sourceTree = "<group>"; };
		A61C23552BF8B704007F25CB /* UpcomingBookingCollectionViewCell.swift */ = {isa = PBXFileReference; lastKnownFileType = sourcecode.swift; path = UpcomingBookingCollectionViewCell.swift; sourceTree = "<group>"; };
		A61C23562BF8B704007F25CB /* UpcomingBookingCollectionViewCell.xib */ = {isa = PBXFileReference; lastKnownFileType = file.xib; path = UpcomingBookingCollectionViewCell.xib; sourceTree = "<group>"; };
		A61C23592BF8B716007F25CB /* PastBookingCollectionViewCell.swift */ = {isa = PBXFileReference; lastKnownFileType = sourcecode.swift; path = PastBookingCollectionViewCell.swift; sourceTree = "<group>"; };
		A61C235A2BF8B716007F25CB /* PastBookingCollectionViewCell.xib */ = {isa = PBXFileReference; lastKnownFileType = file.xib; path = PastBookingCollectionViewCell.xib; sourceTree = "<group>"; };
		A61C235D2BF8FD10007F25CB /* ButtonBottomBorder.swift */ = {isa = PBXFileReference; lastKnownFileType = sourcecode.swift; path = ButtonBottomBorder.swift; sourceTree = "<group>"; };
		A61C235F2BF91BC3007F25CB /* SortViewController.swift */ = {isa = PBXFileReference; lastKnownFileType = sourcecode.swift; path = SortViewController.swift; sourceTree = "<group>"; };
		A61C23602BF91BC3007F25CB /* SortViewController.xib */ = {isa = PBXFileReference; lastKnownFileType = file.xib; path = SortViewController.xib; sourceTree = "<group>"; };
		A624F1662BF1003C006D5C95 /* ProfileViewController.swift */ = {isa = PBXFileReference; lastKnownFileType = sourcecode.swift; path = ProfileViewController.swift; sourceTree = "<group>"; };
		A624F1672BF1003C006D5C95 /* ProfileViewController.xib */ = {isa = PBXFileReference; lastKnownFileType = file.xib; path = ProfileViewController.xib; sourceTree = "<group>"; };
		A624F16B2BF100B7006D5C95 /* SettingTableViewCell.swift */ = {isa = PBXFileReference; lastKnownFileType = sourcecode.swift; path = SettingTableViewCell.swift; sourceTree = "<group>"; };
		A624F16C2BF100B7006D5C95 /* SettingTableViewCell.xib */ = {isa = PBXFileReference; lastKnownFileType = file.xib; path = SettingTableViewCell.xib; sourceTree = "<group>"; };
		A624F16F2BF10159006D5C95 /* ProfileModel.swift */ = {isa = PBXFileReference; lastKnownFileType = sourcecode.swift; path = ProfileModel.swift; sourceTree = "<group>"; };
		A624F1742BF10200006D5C95 /* HelpAndSupportTableViewCell.swift */ = {isa = PBXFileReference; lastKnownFileType = sourcecode.swift; path = HelpAndSupportTableViewCell.swift; sourceTree = "<group>"; };
		A624F1752BF10200006D5C95 /* HelpAndSupportTableViewCell.xib */ = {isa = PBXFileReference; lastKnownFileType = file.xib; path = HelpAndSupportTableViewCell.xib; sourceTree = "<group>"; };
		A624F1792BF10267006D5C95 /* HostTableViewCell.swift */ = {isa = PBXFileReference; lastKnownFileType = sourcecode.swift; path = HostTableViewCell.swift; sourceTree = "<group>"; };
		A624F17A2BF10267006D5C95 /* HostTableViewCell.xib */ = {isa = PBXFileReference; lastKnownFileType = file.xib; path = HostTableViewCell.xib; sourceTree = "<group>"; };
		A624F17D2BF10286006D5C95 /* HostModel.swift */ = {isa = PBXFileReference; lastKnownFileType = sourcecode.swift; path = HostModel.swift; sourceTree = "<group>"; };
		A624F17F2BF1029D006D5C95 /* HelpModel.swift */ = {isa = PBXFileReference; lastKnownFileType = sourcecode.swift; path = HelpModel.swift; sourceTree = "<group>"; };
		A624F1812BF102CB006D5C95 /* SettingModel.swift */ = {isa = PBXFileReference; lastKnownFileType = sourcecode.swift; path = SettingModel.swift; sourceTree = "<group>"; };
		A624F1872BF10F7F006D5C95 /* Montserrat.ttf */ = {isa = PBXFileReference; lastKnownFileType = file; path = Montserrat.ttf; sourceTree = "<group>"; };
		A624F18F2BF1596E006D5C95 /* ManageAccountViewController.swift */ = {isa = PBXFileReference; lastKnownFileType = sourcecode.swift; path = ManageAccountViewController.swift; sourceTree = "<group>"; };
		A624F1902BF1596E006D5C95 /* ManageAccountViewController.xib */ = {isa = PBXFileReference; lastKnownFileType = file.xib; path = ManageAccountViewController.xib; sourceTree = "<group>"; };
		A624F1962BF16CB7006D5C95 /* PaymentViewController.swift */ = {isa = PBXFileReference; lastKnownFileType = sourcecode.swift; path = PaymentViewController.swift; sourceTree = "<group>"; };
		A624F1972BF16CB7006D5C95 /* PaymentViewController.xib */ = {isa = PBXFileReference; lastKnownFileType = file.xib; path = PaymentViewController.xib; sourceTree = "<group>"; };
		A624F19A2BF17930006D5C95 /* PaymentOptionsViewController.swift */ = {isa = PBXFileReference; lastKnownFileType = sourcecode.swift; path = PaymentOptionsViewController.swift; sourceTree = "<group>"; };
		A624F19B2BF17930006D5C95 /* PaymentOptionsViewController.xib */ = {isa = PBXFileReference; lastKnownFileType = file.xib; path = PaymentOptionsViewController.xib; sourceTree = "<group>"; };
		A624F19E2BF18F4B006D5C95 /* Assets.xcassets 12-54-14-910 AM.xcassets */ = {isa = PBXFileReference; lastKnownFileType = folder.assetcatalog; path = "Assets.xcassets 12-54-14-910 AM.xcassets"; sourceTree = "<group>"; };
		A624F1A02BF1918A006D5C95 /* CreditCardPaymentViewController.swift */ = {isa = PBXFileReference; lastKnownFileType = sourcecode.swift; path = CreditCardPaymentViewController.swift; sourceTree = "<group>"; };
		A624F1A12BF1918A006D5C95 /* CreditCardPaymentViewController.xib */ = {isa = PBXFileReference; lastKnownFileType = file.xib; path = CreditCardPaymentViewController.xib; sourceTree = "<group>"; };
		A630A1EE2C011D6F0028E262 /* BookingCancelViewController.swift */ = {isa = PBXFileReference; lastKnownFileType = sourcecode.swift; path = BookingCancelViewController.swift; sourceTree = "<group>"; };
		A630A1EF2C011D6F0028E262 /* BookingCancelViewController.xib */ = {isa = PBXFileReference; lastKnownFileType = file.xib; path = BookingCancelViewController.xib; sourceTree = "<group>"; };
		A630A1F22C0122D50028E262 /* GroundRulesViewController.swift */ = {isa = PBXFileReference; lastKnownFileType = sourcecode.swift; path = GroundRulesViewController.swift; sourceTree = "<group>"; };
		A630A1F32C0122D50028E262 /* GroundRulesViewController.xib */ = {isa = PBXFileReference; lastKnownFileType = file.xib; path = GroundRulesViewController.xib; sourceTree = "<group>"; };
		A633573B2BF0CAAB008AF034 /* Coordinator.swift */ = {isa = PBXFileReference; lastKnownFileType = sourcecode.swift; path = Coordinator.swift; sourceTree = "<group>"; };
		A633573D2BF0CAB7008AF034 /* AppCoordinator.swift */ = {isa = PBXFileReference; lastKnownFileType = sourcecode.swift; path = AppCoordinator.swift; sourceTree = "<group>"; };
		A633573F2BF0CAF1008AF034 /* BaseNavigationController.swift */ = {isa = PBXFileReference; lastKnownFileType = sourcecode.swift; path = BaseNavigationController.swift; sourceTree = "<group>"; };
		A63357422BF0D0C9008AF034 /* AppWindow.swift */ = {isa = PBXFileReference; lastKnownFileType = sourcecode.swift; path = AppWindow.swift; sourceTree = "<group>"; };
		A63357442BF0D281008AF034 /* Date.swift */ = {isa = PBXFileReference; lastKnownFileType = sourcecode.swift; path = Date.swift; sourceTree = "<group>"; };
		A63357462BF0D2B3008AF034 /* UIView.swift */ = {isa = PBXFileReference; lastKnownFileType = sourcecode.swift; path = UIView.swift; sourceTree = "<group>"; };
		A63357492BF0D30C008AF034 /* Images.swift */ = {isa = PBXFileReference; lastKnownFileType = sourcecode.swift; path = Images.swift; sourceTree = "<group>"; };
		A633574E2BF0D82F008AF034 /* WelcomeScreen.swift */ = {isa = PBXFileReference; lastKnownFileType = sourcecode.swift; path = WelcomeScreen.swift; sourceTree = "<group>"; };
		A633574F2BF0D82F008AF034 /* WelcomeScreen.xib */ = {isa = PBXFileReference; lastKnownFileType = file.xib; path = WelcomeScreen.xib; sourceTree = "<group>"; };
		A63357522BF0D991008AF034 /* ViewControllerExtension.swift */ = {isa = PBXFileReference; lastKnownFileType = sourcecode.swift; path = ViewControllerExtension.swift; sourceTree = "<group>"; };
		A63357542BF0DA84008AF034 /* WalkthroughView.swift */ = {isa = PBXFileReference; lastKnownFileType = sourcecode.swift; path = WalkthroughView.swift; sourceTree = "<group>"; };
		A63357552BF0DA84008AF034 /* WalkthroughView.xib */ = {isa = PBXFileReference; lastKnownFileType = file.xib; path = WalkthroughView.xib; sourceTree = "<group>"; };
		A63357582BF0DCFF008AF034 /* WalkthroughCell.swift */ = {isa = PBXFileReference; lastKnownFileType = sourcecode.swift; path = WalkthroughCell.swift; sourceTree = "<group>"; };
		A63357592BF0DCFF008AF034 /* WalkthroughCell.xib */ = {isa = PBXFileReference; lastKnownFileType = file.xib; path = WalkthroughCell.xib; sourceTree = "<group>"; };
		A633575C2BF1039B008AF034 /* BaseViewController.swift */ = {isa = PBXFileReference; lastKnownFileType = sourcecode.swift; path = BaseViewController.swift; sourceTree = "<group>"; };
		A633575E2BF129A6008AF034 /* LoginView.swift */ = {isa = PBXFileReference; lastKnownFileType = sourcecode.swift; path = LoginView.swift; sourceTree = "<group>"; };
		A633575F2BF129A6008AF034 /* LoginView.xib */ = {isa = PBXFileReference; lastKnownFileType = file.xib; path = LoginView.xib; sourceTree = "<group>"; };
		A63630372BFB496200372E77 /* BookingDetailsViewController.swift */ = {isa = PBXFileReference; lastKnownFileType = sourcecode.swift; path = BookingDetailsViewController.swift; sourceTree = "<group>"; };
		A63630382BFB496200372E77 /* BookingDetailsViewController.xib */ = {isa = PBXFileReference; lastKnownFileType = file.xib; path = BookingDetailsViewController.xib; sourceTree = "<group>"; };
		A637E2D52BF3893900EAF938 /* PhoneNumberBottomModal.swift */ = {isa = PBXFileReference; lastKnownFileType = sourcecode.swift; path = PhoneNumberBottomModal.swift; sourceTree = "<group>"; };
		A637E2D62BF3893900EAF938 /* PhoneNumberBottomModal.xib */ = {isa = PBXFileReference; lastKnownFileType = file.xib; path = PhoneNumberBottomModal.xib; sourceTree = "<group>"; };
		A637E2D92BF397A600EAF938 /* ViewlTopCornerRadius.swift */ = {isa = PBXFileReference; lastKnownFileType = sourcecode.swift; path = ViewlTopCornerRadius.swift; sourceTree = "<group>"; };
		A637E2DB2BF3F86D00EAF938 /* otpBottomModalViewController.swift */ = {isa = PBXFileReference; lastKnownFileType = sourcecode.swift; path = otpBottomModalViewController.swift; sourceTree = "<group>"; };
		A637E2DC2BF3F86D00EAF938 /* otpBottomModalViewController.xib */ = {isa = PBXFileReference; lastKnownFileType = file.xib; path = otpBottomModalViewController.xib; sourceTree = "<group>"; };
		A637E2E12BF4B51D00EAF938 /* CloseView.swift */ = {isa = PBXFileReference; lastKnownFileType = sourcecode.swift; path = CloseView.swift; sourceTree = "<group>"; };
		A637E2E32BF54D3800EAF938 /* PopUpModal.xib */ = {isa = PBXFileReference; lastKnownFileType = file.xib; path = PopUpModal.xib; sourceTree = "<group>"; };
		A637E2E52BF54DDE00EAF938 /* PopUpModal.swift */ = {isa = PBXFileReference; lastKnownFileType = sourcecode.swift; path = PopUpModal.swift; sourceTree = "<group>"; };
		A637E2E72BF5552C00EAF938 /* BaseView.swift */ = {isa = PBXFileReference; lastKnownFileType = sourcecode.swift; path = BaseView.swift; sourceTree = "<group>"; };
		A6451E702C047893006E985E /* subCategoryCollectionViewCell.swift */ = {isa = PBXFileReference; lastKnownFileType = sourcecode.swift; path = subCategoryCollectionViewCell.swift; sourceTree = "<group>"; };
		A6451E712C047893006E985E /* subCategoryCollectionViewCell.xib */ = {isa = PBXFileReference; lastKnownFileType = file.xib; path = subCategoryCollectionViewCell.xib; sourceTree = "<group>"; };
		A67120A92C07426200A41B9B /* TopRatedCollectionViewCell.swift */ = {isa = PBXFileReference; lastKnownFileType = sourcecode.swift; path = TopRatedCollectionViewCell.swift; sourceTree = "<group>"; };
		A67120AA2C07426200A41B9B /* TopRatedCollectionViewCell.xib */ = {isa = PBXFileReference; lastKnownFileType = file.xib; path = TopRatedCollectionViewCell.xib; sourceTree = "<group>"; };
		A67120B12C08B5DB00A41B9B /* OthersTableViewCell.swift */ = {isa = PBXFileReference; lastKnownFileType = sourcecode.swift; path = OthersTableViewCell.swift; sourceTree = "<group>"; };
		A67120B22C08B5DB00A41B9B /* OthersTableViewCell.xib */ = {isa = PBXFileReference; lastKnownFileType = file.xib; path = OthersTableViewCell.xib; sourceTree = "<group>"; };
		A682D4962BF2A7C800926A0E /* LoginSecurityViewController.swift */ = {isa = PBXFileReference; lastKnownFileType = sourcecode.swift; path = LoginSecurityViewController.swift; sourceTree = "<group>"; };
		A682D4972BF2A7C800926A0E /* LoginSecurityViewController.xib */ = {isa = PBXFileReference; lastKnownFileType = file.xib; path = LoginSecurityViewController.xib; sourceTree = "<group>"; };
		A682D49B2BF353EE00926A0E /* NavigationUtility.swift */ = {isa = PBXFileReference; lastKnownFileType = sourcecode.swift; path = NavigationUtility.swift; sourceTree = "<group>"; };
		A682D4E52BF3715300926A0E /* DoubleAuthViewController.swift */ = {isa = PBXFileReference; lastKnownFileType = sourcecode.swift; path = DoubleAuthViewController.swift; sourceTree = "<group>"; };
		A682D4E62BF3715300926A0E /* DoubleAuthViewController.xib */ = {isa = PBXFileReference; lastKnownFileType = file.xib; path = DoubleAuthViewController.xib; sourceTree = "<group>"; };
		A68DF31B2BF6293E00C77268 /* NotificationViewController.swift */ = {isa = PBXFileReference; lastKnownFileType = sourcecode.swift; path = NotificationViewController.swift; sourceTree = "<group>"; };
		A68DF31C2BF6293E00C77268 /* NotificationViewController.xib */ = {isa = PBXFileReference; lastKnownFileType = file.xib; path = NotificationViewController.xib; sourceTree = "<group>"; };
		A68DF31F2BF633ED00C77268 /* NotificationTableViewCell.swift */ = {isa = PBXFileReference; lastKnownFileType = sourcecode.swift; path = NotificationTableViewCell.swift; sourceTree = "<group>"; };
		A68DF3202BF633ED00C77268 /* NotificationTableViewCell.xib */ = {isa = PBXFileReference; lastKnownFileType = file.xib; path = NotificationTableViewCell.xib; sourceTree = "<group>"; };
		A68DF3232BF63F0E00C77268 /* NotificationModel.swift */ = {isa = PBXFileReference; lastKnownFileType = sourcecode.swift; path = NotificationModel.swift; sourceTree = "<group>"; };
		A68DF3252BF650B800C77268 /* ContactSupportViewController.swift */ = {isa = PBXFileReference; lastKnownFileType = sourcecode.swift; path = ContactSupportViewController.swift; sourceTree = "<group>"; };
		A68DF3262BF650B800C77268 /* ContactSupportViewController.xib */ = {isa = PBXFileReference; lastKnownFileType = file.xib; path = ContactSupportViewController.xib; sourceTree = "<group>"; };
		A68DF3292BF6561D00C77268 /* ChatViewController.swift */ = {isa = PBXFileReference; lastKnownFileType = sourcecode.swift; path = ChatViewController.swift; sourceTree = "<group>"; };
		A68DF32A2BF6561D00C77268 /* ChatViewController.xib */ = {isa = PBXFileReference; lastKnownFileType = file.xib; path = ChatViewController.xib; sourceTree = "<group>"; };
		A68DF32D2BF6A04300C77268 /* SafetyAndGuidelinesViewController.swift */ = {isa = PBXFileReference; lastKnownFileType = sourcecode.swift; path = SafetyAndGuidelinesViewController.swift; sourceTree = "<group>"; };
		A68DF32E2BF6A04300C77268 /* SafetyAndGuidelinesViewController.xib */ = {isa = PBXFileReference; lastKnownFileType = file.xib; path = SafetyAndGuidelinesViewController.xib; sourceTree = "<group>"; };
		A68DF3312BF6A14B00C77268 /* CallViewController.swift */ = {isa = PBXFileReference; lastKnownFileType = sourcecode.swift; path = CallViewController.swift; sourceTree = "<group>"; };
		A68DF3322BF6A14B00C77268 /* CallViewController.xib */ = {isa = PBXFileReference; lastKnownFileType = file.xib; path = CallViewController.xib; sourceTree = "<group>"; };
		A68DF3362BF75C5A00C77268 /* BookingViewController.swift */ = {isa = PBXFileReference; lastKnownFileType = sourcecode.swift; path = BookingViewController.swift; sourceTree = "<group>"; };
		A68DF3372BF75C5A00C77268 /* BookingViewController.xib */ = {isa = PBXFileReference; lastKnownFileType = file.xib; path = BookingViewController.xib; sourceTree = "<group>"; };
		A68DF33A2BF75F3C00C77268 /* BookingTableViewCell.swift */ = {isa = PBXFileReference; lastKnownFileType = sourcecode.swift; path = BookingTableViewCell.swift; sourceTree = "<group>"; };
		A68DF33B2BF75F3C00C77268 /* BookingTableViewCell.xib */ = {isa = PBXFileReference; lastKnownFileType = file.xib; path = BookingTableViewCell.xib; sourceTree = "<group>"; };
		A68DF33E2BF7633300C77268 /* BookingModel.swift */ = {isa = PBXFileReference; lastKnownFileType = sourcecode.swift; path = BookingModel.swift; sourceTree = "<group>"; };
		A6B4B09C2BFE3AA0005B5F2E /* UtilitiesCollectionViewCell.swift */ = {isa = PBXFileReference; lastKnownFileType = sourcecode.swift; path = UtilitiesCollectionViewCell.swift; sourceTree = "<group>"; };
		A6B4B09D2BFE3AA0005B5F2E /* UtilitiesCollectionViewCell.xib */ = {isa = PBXFileReference; lastKnownFileType = file.xib; path = UtilitiesCollectionViewCell.xib; sourceTree = "<group>"; };
		A6EAE56F2BFF4ACB00B68733 /* ReviewViewController.swift */ = {isa = PBXFileReference; lastKnownFileType = sourcecode.swift; path = ReviewViewController.swift; sourceTree = "<group>"; };
		A6EAE5702BFF4ACB00B68733 /* ReviewViewController.xib */ = {isa = PBXFileReference; lastKnownFileType = file.xib; path = ReviewViewController.xib; sourceTree = "<group>"; };
		A6FDFB352C03D85D0040B3F4 /* HomePageViewController.swift */ = {isa = PBXFileReference; lastKnownFileType = sourcecode.swift; path = HomePageViewController.swift; sourceTree = "<group>"; };
		A6FDFB362C03D85D0040B3F4 /* HomePageViewController.xib */ = {isa = PBXFileReference; lastKnownFileType = file.xib; path = HomePageViewController.xib; sourceTree = "<group>"; };
/* End PBXFileReference section */

/* Begin PBXFrameworksBuildPhase section */
		A6015B072BEA223400545164 /* Frameworks */ = {
			isa = PBXFrameworksBuildPhase;
			buildActionMask = 2147483647;
			files = (
			);
			runOnlyForDeploymentPostprocessing = 0;
		};
/* End PBXFrameworksBuildPhase section */

/* Begin PBXGroup section */
		A6015B012BEA223400545164 = {
			isa = PBXGroup;
			children = (
				A6015B0C2BEA223400545164 /* BeachesAndBoats */,
				A6015B0B2BEA223400545164 /* Products */,
			);
			sourceTree = "<group>";
		};
		A6015B0B2BEA223400545164 /* Products */ = {
			isa = PBXGroup;
			children = (
				A6015B0A2BEA223400545164 /* BeachesAndBoats.app */,
			);
			name = Products;
			sourceTree = "<group>";
		};
		A6015B0C2BEA223400545164 /* BeachesAndBoats */ = {
			isa = PBXGroup;
			children = (
				A682D49A2BF353D400926A0E /* Utility */,
				A624F1862BF10F6B006D5C95 /* Fonts */,
				A633574B2BF0D7D9008AF034 /* Features */,
				A63357482BF0D2F5008AF034 /* Resources */,
				A63357412BF0D09B008AF034 /* Extension */,
				A633573A2BF0CA69008AF034 /* Navigation */,
				A63357392BF0B874008AF034 /* Settings */,
				A6015B182BEA223600545164 /* LaunchScreen.storyboard */,
				A6015B1B2BEA223600545164 /* Info.plist */,
			);
			path = BeachesAndBoats;
			sourceTree = "<group>";
		};
		A624F1652BF10007006D5C95 /* Profile */ = {
			isa = PBXGroup;
			children = (
				A682D4952BF2A7AA00926A0E /* LoginSecurity */,
				A624F1952BF16CA0006D5C95 /* PaymentView */,
				A624F18A2BF158B6006D5C95 /* ManageAccount */,
				A624F1782BF10238006D5C95 /* HostTableCell */,
				A624F1712BF1017B006D5C95 /* HelpAndSupport */,
				A624F16A2BF10093006D5C95 /* SettingTableCell */,
				A624F1662BF1003C006D5C95 /* ProfileViewController.swift */,
				A624F1672BF1003C006D5C95 /* ProfileViewController.xib */,
				A624F16F2BF10159006D5C95 /* ProfileModel.swift */,
			);
			path = Profile;
			sourceTree = "<group>";
		};
		A624F16A2BF10093006D5C95 /* SettingTableCell */ = {
			isa = PBXGroup;
			children = (
				A624F16B2BF100B7006D5C95 /* SettingTableViewCell.swift */,
				A624F16C2BF100B7006D5C95 /* SettingTableViewCell.xib */,
				A624F1812BF102CB006D5C95 /* SettingModel.swift */,
			);
			path = SettingTableCell;
			sourceTree = "<group>";
		};
		A624F1712BF1017B006D5C95 /* HelpAndSupport */ = {
			isa = PBXGroup;
			children = (
				A624F1742BF10200006D5C95 /* HelpAndSupportTableViewCell.swift */,
				A624F1752BF10200006D5C95 /* HelpAndSupportTableViewCell.xib */,
				A624F17F2BF1029D006D5C95 /* HelpModel.swift */,
			);
			path = HelpAndSupport;
			sourceTree = "<group>";
		};
		A624F1782BF10238006D5C95 /* HostTableCell */ = {
			isa = PBXGroup;
			children = (
				A624F1792BF10267006D5C95 /* HostTableViewCell.swift */,
				A624F17A2BF10267006D5C95 /* HostTableViewCell.xib */,
				A624F17D2BF10286006D5C95 /* HostModel.swift */,
			);
			path = HostTableCell;
			sourceTree = "<group>";
		};
		A624F1862BF10F6B006D5C95 /* Fonts */ = {
			isa = PBXGroup;
			children = (
				A624F1872BF10F7F006D5C95 /* Montserrat.ttf */,
			);
			path = Fonts;
			sourceTree = "<group>";
		};
		A624F18A2BF158B6006D5C95 /* ManageAccount */ = {
			isa = PBXGroup;
			children = (
				A624F18F2BF1596E006D5C95 /* ManageAccountViewController.swift */,
				A624F1902BF1596E006D5C95 /* ManageAccountViewController.xib */,
			);
			path = ManageAccount;
			sourceTree = "<group>";
		};
		A624F1952BF16CA0006D5C95 /* PaymentView */ = {
			isa = PBXGroup;
			children = (
				A624F1962BF16CB7006D5C95 /* PaymentViewController.swift */,
				A624F1972BF16CB7006D5C95 /* PaymentViewController.xib */,
				A624F19A2BF17930006D5C95 /* PaymentOptionsViewController.swift */,
				A624F19B2BF17930006D5C95 /* PaymentOptionsViewController.xib */,
				A624F1A02BF1918A006D5C95 /* CreditCardPaymentViewController.swift */,
				A624F1A12BF1918A006D5C95 /* CreditCardPaymentViewController.xib */,
			);
			path = PaymentView;
			sourceTree = "<group>";
		};
		A63357392BF0B874008AF034 /* Settings */ = {
			isa = PBXGroup;
			children = (
				A6015B0D2BEA223400545164 /* AppDelegate.swift */,
				A63357422BF0D0C9008AF034 /* AppWindow.swift */,
				A633575C2BF1039B008AF034 /* BaseViewController.swift */,
				A637E2E72BF5552C00EAF938 /* BaseView.swift */,
			);
			path = Settings;
			sourceTree = "<group>";
		};
		A633573A2BF0CA69008AF034 /* Navigation */ = {
			isa = PBXGroup;
			children = (
				A633573B2BF0CAAB008AF034 /* Coordinator.swift */,
				A633573D2BF0CAB7008AF034 /* AppCoordinator.swift */,
				A633573F2BF0CAF1008AF034 /* BaseNavigationController.swift */,
				A63357522BF0D991008AF034 /* ViewControllerExtension.swift */,
			);
			path = Navigation;
			sourceTree = "<group>";
		};
		A63357412BF0D09B008AF034 /* Extension */ = {
			isa = PBXGroup;
			children = (
				A63357442BF0D281008AF034 /* Date.swift */,
				A63357462BF0D2B3008AF034 /* UIView.swift */,
			);
			path = Extension;
			sourceTree = "<group>";
		};
		A63357482BF0D2F5008AF034 /* Resources */ = {
			isa = PBXGroup;
			children = (
				A624F19E2BF18F4B006D5C95 /* Assets.xcassets 12-54-14-910 AM.xcassets */,
				A63357492BF0D30C008AF034 /* Images.swift */,
			);
			path = Resources;
			sourceTree = "<group>";
		};
		A633574B2BF0D7D9008AF034 /* Features */ = {
			isa = PBXGroup;
			children = (
				A6FDFB302C03C49A0040B3F4 /* HomeBeachHouses */,
				A68DF3352BF75AEB00C77268 /* Booking */,
				A624F1652BF10007006D5C95 /* Profile */,
				A633574D2BF0D7FC008AF034 /* Onboarding */,
				A633574C2BF0D7F2008AF034 /* Walkthrough */,
			);
			path = Features;
			sourceTree = "<group>";
		};
		A633574C2BF0D7F2008AF034 /* Walkthrough */ = {
			isa = PBXGroup;
			children = (
				A633574E2BF0D82F008AF034 /* WelcomeScreen.swift */,
				A633574F2BF0D82F008AF034 /* WelcomeScreen.xib */,
				A63357542BF0DA84008AF034 /* WalkthroughView.swift */,
				A63357552BF0DA84008AF034 /* WalkthroughView.xib */,
				A63357582BF0DCFF008AF034 /* WalkthroughCell.swift */,
				A63357592BF0DCFF008AF034 /* WalkthroughCell.xib */,
			);
			path = Walkthrough;
			sourceTree = "<group>";
		};
		A633574D2BF0D7FC008AF034 /* Onboarding */ = {
			isa = PBXGroup;
			children = (
				A633575E2BF129A6008AF034 /* LoginView.swift */,
				A633575F2BF129A6008AF034 /* LoginView.xib */,
			);
			path = Onboarding;
			sourceTree = "<group>";
		};
		A682D4952BF2A7AA00926A0E /* LoginSecurity */ = {
			isa = PBXGroup;
			children = (
				A682D4962BF2A7C800926A0E /* LoginSecurityViewController.swift */,
				A682D4972BF2A7C800926A0E /* LoginSecurityViewController.xib */,
				A682D4E52BF3715300926A0E /* DoubleAuthViewController.swift */,
				A682D4E62BF3715300926A0E /* DoubleAuthViewController.xib */,
				A637E2D52BF3893900EAF938 /* PhoneNumberBottomModal.swift */,
				A637E2D62BF3893900EAF938 /* PhoneNumberBottomModal.xib */,
				A637E2DB2BF3F86D00EAF938 /* otpBottomModalViewController.swift */,
				A637E2DC2BF3F86D00EAF938 /* otpBottomModalViewController.xib */,
				A68DF31B2BF6293E00C77268 /* NotificationViewController.swift */,
				A68DF31C2BF6293E00C77268 /* NotificationViewController.xib */,
				A68DF31F2BF633ED00C77268 /* NotificationTableViewCell.swift */,
				A68DF3202BF633ED00C77268 /* NotificationTableViewCell.xib */,
				A68DF3232BF63F0E00C77268 /* NotificationModel.swift */,
				A68DF3252BF650B800C77268 /* ContactSupportViewController.swift */,
				A68DF3262BF650B800C77268 /* ContactSupportViewController.xib */,
				A68DF3292BF6561D00C77268 /* ChatViewController.swift */,
				A68DF32A2BF6561D00C77268 /* ChatViewController.xib */,
				A68DF32D2BF6A04300C77268 /* SafetyAndGuidelinesViewController.swift */,
				A68DF32E2BF6A04300C77268 /* SafetyAndGuidelinesViewController.xib */,
				A68DF3312BF6A14B00C77268 /* CallViewController.swift */,
				A68DF3322BF6A14B00C77268 /* CallViewController.xib */,
			);
			path = LoginSecurity;
			sourceTree = "<group>";
		};
		A682D49A2BF353D400926A0E /* Utility */ = {
			isa = PBXGroup;
			children = (
				A682D49B2BF353EE00926A0E /* NavigationUtility.swift */,
				A637E2D92BF397A600EAF938 /* ViewlTopCornerRadius.swift */,
				A637E2E12BF4B51D00EAF938 /* CloseView.swift */,
				A637E2E32BF54D3800EAF938 /* PopUpModal.xib */,
				A637E2E52BF54DDE00EAF938 /* PopUpModal.swift */,
				A61C235D2BF8FD10007F25CB /* ButtonBottomBorder.swift */,
			);
			path = Utility;
			sourceTree = "<group>";
		};
		A68DF3352BF75AEB00C77268 /* Booking */ = {
			isa = PBXGroup;
			children = (
				A68DF3362BF75C5A00C77268 /* BookingViewController.swift */,
				A68DF3372BF75C5A00C77268 /* BookingViewController.xib */,
				A68DF33A2BF75F3C00C77268 /* BookingTableViewCell.swift */,
				A68DF33B2BF75F3C00C77268 /* BookingTableViewCell.xib */,
				A68DF33E2BF7633300C77268 /* BookingModel.swift */,
				A61C23552BF8B704007F25CB /* UpcomingBookingCollectionViewCell.swift */,
				A61C23562BF8B704007F25CB /* UpcomingBookingCollectionViewCell.xib */,
				A61C23592BF8B716007F25CB /* PastBookingCollectionViewCell.swift */,
				A61C235A2BF8B716007F25CB /* PastBookingCollectionViewCell.xib */,
				A61C235F2BF91BC3007F25CB /* SortViewController.swift */,
				A61C23602BF91BC3007F25CB /* SortViewController.xib */,
				A6B4B09B2BFE3A62005B5F2E /* BookingDetailsGroup */,
				A6EAE56F2BFF4ACB00B68733 /* ReviewViewController.swift */,
				A6EAE5702BFF4ACB00B68733 /* ReviewViewController.xib */,
				A630A1EE2C011D6F0028E262 /* BookingCancelViewController.swift */,
				A630A1EF2C011D6F0028E262 /* BookingCancelViewController.xib */,
				A630A1F22C0122D50028E262 /* GroundRulesViewController.swift */,
				A630A1F32C0122D50028E262 /* GroundRulesViewController.xib */,
			);
			path = Booking;
			sourceTree = "<group>";
		};
		A6B4B09B2BFE3A62005B5F2E /* BookingDetailsGroup */ = {
			isa = PBXGroup;
			children = (
				A63630372BFB496200372E77 /* BookingDetailsViewController.swift */,
				A63630382BFB496200372E77 /* BookingDetailsViewController.xib */,
				A6B4B09C2BFE3AA0005B5F2E /* UtilitiesCollectionViewCell.swift */,
				A6B4B09D2BFE3AA0005B5F2E /* UtilitiesCollectionViewCell.xib */,
			);
			path = BookingDetailsGroup;
			sourceTree = "<group>";
		};
		A6FDFB302C03C49A0040B3F4 /* HomeBeachHouses */ = {
			isa = PBXGroup;
			children = (
				A6FDFB352C03D85D0040B3F4 /* HomePageViewController.swift */,
				A6FDFB362C03D85D0040B3F4 /* HomePageViewController.xib */,
				A6451E702C047893006E985E /* subCategoryCollectionViewCell.swift */,
				A6451E712C047893006E985E /* subCategoryCollectionViewCell.xib */,
				A67120A92C07426200A41B9B /* TopRatedCollectionViewCell.swift */,
				A67120AA2C07426200A41B9B /* TopRatedCollectionViewCell.xib */,
				A67120B12C08B5DB00A41B9B /* OthersTableViewCell.swift */,
				A67120B22C08B5DB00A41B9B /* OthersTableViewCell.xib */,
				A603B5852C0BCAA0003BD6AC /* DestinationSearchViewController.swift */,
				A603B5862C0BCAA0003BD6AC /* DestinationSearchViewController.xib */,
			);
			path = HomeBeachHouses;
			sourceTree = "<group>";
		};
/* End PBXGroup section */

/* Begin PBXNativeTarget section */
		A6015B092BEA223400545164 /* BeachesAndBoats */ = {
			isa = PBXNativeTarget;
			buildConfigurationList = A6015B1E2BEA223600545164 /* Build configuration list for PBXNativeTarget "BeachesAndBoats" */;
			buildPhases = (
				A6015B062BEA223400545164 /* Sources */,
				A6015B072BEA223400545164 /* Frameworks */,
				A6015B082BEA223400545164 /* Resources */,
			);
			buildRules = (
			);
			dependencies = (
			);
			name = BeachesAndBoats;
			productName = BeachesAndBoats;
			productReference = A6015B0A2BEA223400545164 /* BeachesAndBoats.app */;
			productType = "com.apple.product-type.application";
		};
/* End PBXNativeTarget section */

/* Begin PBXProject section */
		A6015B022BEA223400545164 /* Project object */ = {
			isa = PBXProject;
			attributes = {
				BuildIndependentTargetsInParallel = 1;
				LastSwiftUpdateCheck = 1520;
				LastUpgradeCheck = 1520;
				TargetAttributes = {
					A6015B092BEA223400545164 = {
						CreatedOnToolsVersion = 15.2;
					};
				};
			};
			buildConfigurationList = A6015B052BEA223400545164 /* Build configuration list for PBXProject "BeachesAndBoats" */;
			compatibilityVersion = "Xcode 14.0";
			developmentRegion = en;
			hasScannedForEncodings = 0;
			knownRegions = (
				en,
				Base,
			);
			mainGroup = A6015B012BEA223400545164;
			productRefGroup = A6015B0B2BEA223400545164 /* Products */;
			projectDirPath = "";
			projectRoot = "";
			targets = (
				A6015B092BEA223400545164 /* BeachesAndBoats */,
			);
		};
/* End PBXProject section */

/* Begin PBXResourcesBuildPhase section */
		A6015B082BEA223400545164 /* Resources */ = {
			isa = PBXResourcesBuildPhase;
			buildActionMask = 2147483647;
			files = (
				A61C23582BF8B704007F25CB /* UpcomingBookingCollectionViewCell.xib in Resources */,
				A637E2D82BF3893900EAF938 /* PhoneNumberBottomModal.xib in Resources */,
				A682D4992BF2A7C800926A0E /* LoginSecurityViewController.xib in Resources */,
				A6451E722C047893006E985E /* subCategoryCollectionViewCell.xib in Resources */,
				A624F1692BF1003C006D5C95 /* ProfileViewController.xib in Resources */,
				A624F1922BF1596E006D5C95 /* ManageAccountViewController.xib in Resources */,
				A624F1882BF10F7F006D5C95 /* Montserrat.ttf in Resources */,
				A68DF33D2BF75F3C00C77268 /* BookingTableViewCell.xib in Resources */,
				A6015B1A2BEA223600545164 /* LaunchScreen.storyboard in Resources */,
				A68DF31E2BF6293E00C77268 /* NotificationViewController.xib in Resources */,
				A624F19D2BF17930006D5C95 /* PaymentOptionsViewController.xib in Resources */,
				A63357612BF129A6008AF034 /* LoginView.xib in Resources */,
				A637E2E42BF54D3800EAF938 /* PopUpModal.xib in Resources */,
				A61C235C2BF8B716007F25CB /* PastBookingCollectionViewCell.xib in Resources */,
				A633575B2BF0DCFF008AF034 /* WalkthroughCell.xib in Resources */,
				A61C23622BF91BC3007F25CB /* SortViewController.xib in Resources */,
				A67120AC2C07426200A41B9B /* TopRatedCollectionViewCell.xib in Resources */,
				A603B5882C0BCAA0003BD6AC /* DestinationSearchViewController.xib in Resources */,
				A624F17C2BF10267006D5C95 /* HostTableViewCell.xib in Resources */,
				A624F19F2BF18F4B006D5C95 /* Assets.xcassets 12-54-14-910 AM.xcassets in Resources */,
				A63357512BF0D82F008AF034 /* WelcomeScreen.xib in Resources */,
				A68DF3302BF6A04300C77268 /* SafetyAndGuidelinesViewController.xib in Resources */,
				A68DF32C2BF6561D00C77268 /* ChatViewController.xib in Resources */,
				A6EAE5722BFF4ACB00B68733 /* ReviewViewController.xib in Resources */,
				A68DF3222BF633ED00C77268 /* NotificationTableViewCell.xib in Resources */,
				A67120B42C08B5DB00A41B9B /* OthersTableViewCell.xib in Resources */,
				A624F1772BF10200006D5C95 /* HelpAndSupportTableViewCell.xib in Resources */,
				A624F16E2BF100B7006D5C95 /* SettingTableViewCell.xib in Resources */,
				A68DF3282BF650B800C77268 /* ContactSupportViewController.xib in Resources */,
				A624F1A32BF1918A006D5C95 /* CreditCardPaymentViewController.xib in Resources */,
				A624F1992BF16CB7006D5C95 /* PaymentViewController.xib in Resources */,
				A630A1F52C0122D50028E262 /* GroundRulesViewController.xib in Resources */,
				A63357572BF0DA84008AF034 /* WalkthroughView.xib in Resources */,
				A637E2DE2BF3F86D00EAF938 /* otpBottomModalViewController.xib in Resources */,
				A6FDFB382C03D85D0040B3F4 /* HomePageViewController.xib in Resources */,
				A6B4B09F2BFE3AA0005B5F2E /* UtilitiesCollectionViewCell.xib in Resources */,
				A68DF3392BF75C5A00C77268 /* BookingViewController.xib in Resources */,
				A630A1F12C011D6F0028E262 /* BookingCancelViewController.xib in Resources */,
				A68DF3342BF6A14B00C77268 /* CallViewController.xib in Resources */,
				A636303A2BFB496200372E77 /* BookingDetailsViewController.xib in Resources */,
				A682D4E82BF3715300926A0E /* DoubleAuthViewController.xib in Resources */,
			);
			runOnlyForDeploymentPostprocessing = 0;
		};
/* End PBXResourcesBuildPhase section */

/* Begin PBXSourcesBuildPhase section */
		A6015B062BEA223400545164 /* Sources */ = {
			isa = PBXSourcesBuildPhase;
			buildActionMask = 2147483647;
			files = (
				A633575D2BF1039B008AF034 /* BaseViewController.swift in Sources */,
				A624F1822BF102CB006D5C95 /* SettingModel.swift in Sources */,
				A6EAE5712BFF4ACB00B68733 /* ReviewViewController.swift in Sources */,
				A61C235E2BF8FD10007F25CB /* ButtonBottomBorder.swift in Sources */,
				A624F1702BF10159006D5C95 /* ProfileModel.swift in Sources */,
				A633573C2BF0CAAB008AF034 /* Coordinator.swift in Sources */,
				A67120AB2C07426200A41B9B /* TopRatedCollectionViewCell.swift in Sources */,
				A63357452BF0D281008AF034 /* Date.swift in Sources */,
				A624F17E2BF10286006D5C95 /* HostModel.swift in Sources */,
				A68DF3332BF6A14B00C77268 /* CallViewController.swift in Sources */,
				A624F16D2BF100B7006D5C95 /* SettingTableViewCell.swift in Sources */,
				A624F1912BF1596E006D5C95 /* ManageAccountViewController.swift in Sources */,
				A637E2E62BF54DDE00EAF938 /* PopUpModal.swift in Sources */,
				A624F17B2BF10267006D5C95 /* HostTableViewCell.swift in Sources */,
				A603B5872C0BCAA0003BD6AC /* DestinationSearchViewController.swift in Sources */,
				A68DF3382BF75C5A00C77268 /* BookingViewController.swift in Sources */,
				A63357602BF129A6008AF034 /* LoginView.swift in Sources */,
				A63357432BF0D0C9008AF034 /* AppWindow.swift in Sources */,
				A6B4B09E2BFE3AA0005B5F2E /* UtilitiesCollectionViewCell.swift in Sources */,
				A637E2DA2BF397A600EAF938 /* ViewlTopCornerRadius.swift in Sources */,
				A6FDFB372C03D85D0040B3F4 /* HomePageViewController.swift in Sources */,
				A682D4982BF2A7C800926A0E /* LoginSecurityViewController.swift in Sources */,
				A68DF3272BF650B800C77268 /* ContactSupportViewController.swift in Sources */,
				A68DF31D2BF6293E00C77268 /* NotificationViewController.swift in Sources */,
				A682D4E72BF3715300926A0E /* DoubleAuthViewController.swift in Sources */,
				A637E2E22BF4B51D00EAF938 /* CloseView.swift in Sources */,
				A68DF32B2BF6561D00C77268 /* ChatViewController.swift in Sources */,
				A63357562BF0DA84008AF034 /* WalkthroughView.swift in Sources */,
				A68DF3242BF63F0E00C77268 /* NotificationModel.swift in Sources */,
				A63357502BF0D82F008AF034 /* WelcomeScreen.swift in Sources */,
				A63357472BF0D2B3008AF034 /* UIView.swift in Sources */,
				A6451E732C047893006E985E /* subCategoryCollectionViewCell.swift in Sources */,
				A68DF33C2BF75F3C00C77268 /* BookingTableViewCell.swift in Sources */,
				A630A1F02C011D6F0028E262 /* BookingCancelViewController.swift in Sources */,
				A68DF32F2BF6A04300C77268 /* SafetyAndGuidelinesViewController.swift in Sources */,
				A624F1802BF1029D006D5C95 /* HelpModel.swift in Sources */,
				A624F1762BF10200006D5C95 /* HelpAndSupportTableViewCell.swift in Sources */,
				A630A1F42C0122D50028E262 /* GroundRulesViewController.swift in Sources */,
				A624F19C2BF17930006D5C95 /* PaymentOptionsViewController.swift in Sources */,
				A63357402BF0CAF1008AF034 /* BaseNavigationController.swift in Sources */,
				A61C23612BF91BC3007F25CB /* SortViewController.swift in Sources */,
				A61C23572BF8B704007F25CB /* UpcomingBookingCollectionViewCell.swift in Sources */,
				A637E2DD2BF3F86D00EAF938 /* otpBottomModalViewController.swift in Sources */,
				A637E2D72BF3893900EAF938 /* PhoneNumberBottomModal.swift in Sources */,
				A68DF3212BF633ED00C77268 /* NotificationTableViewCell.swift in Sources */,
				A633574A2BF0D30C008AF034 /* Images.swift in Sources */,
				A633575A2BF0DCFF008AF034 /* WalkthroughCell.swift in Sources */,
				A67120B32C08B5DB00A41B9B /* OthersTableViewCell.swift in Sources */,
				A624F1982BF16CB7006D5C95 /* PaymentViewController.swift in Sources */,
				A61C235B2BF8B716007F25CB /* PastBookingCollectionViewCell.swift in Sources */,
				A682D49C2BF353EE00926A0E /* NavigationUtility.swift in Sources */,
				A633573E2BF0CAB7008AF034 /* AppCoordinator.swift in Sources */,
				A624F1682BF1003C006D5C95 /* ProfileViewController.swift in Sources */,
				A63357532BF0D991008AF034 /* ViewControllerExtension.swift in Sources */,
				A637E2E82BF5552C00EAF938 /* BaseView.swift in Sources */,
				A624F1A22BF1918A006D5C95 /* CreditCardPaymentViewController.swift in Sources */,
				A63630392BFB496200372E77 /* BookingDetailsViewController.swift in Sources */,
				A6015B0E2BEA223400545164 /* AppDelegate.swift in Sources */,
				A68DF33F2BF7633300C77268 /* BookingModel.swift in Sources */,
			);
			runOnlyForDeploymentPostprocessing = 0;
		};
/* End PBXSourcesBuildPhase section */

/* Begin PBXVariantGroup section */
		A6015B182BEA223600545164 /* LaunchScreen.storyboard */ = {
			isa = PBXVariantGroup;
			children = (
				A6015B192BEA223600545164 /* Base */,
			);
			name = LaunchScreen.storyboard;
			sourceTree = "<group>";
		};
/* End PBXVariantGroup section */

/* Begin XCBuildConfiguration section */
		A6015B1C2BEA223600545164 /* Debug */ = {
			isa = XCBuildConfiguration;
			buildSettings = {
				ALWAYS_SEARCH_USER_PATHS = NO;
				ASSETCATALOG_COMPILER_GENERATE_SWIFT_ASSET_SYMBOL_EXTENSIONS = YES;
				CLANG_ANALYZER_NONNULL = YES;
				CLANG_ANALYZER_NUMBER_OBJECT_CONVERSION = YES_AGGRESSIVE;
				CLANG_CXX_LANGUAGE_STANDARD = "gnu++20";
				CLANG_ENABLE_MODULES = YES;
				CLANG_ENABLE_OBJC_ARC = YES;
				CLANG_ENABLE_OBJC_WEAK = YES;
				CLANG_WARN_BLOCK_CAPTURE_AUTORELEASING = YES;
				CLANG_WARN_BOOL_CONVERSION = YES;
				CLANG_WARN_COMMA = YES;
				CLANG_WARN_CONSTANT_CONVERSION = YES;
				CLANG_WARN_DEPRECATED_OBJC_IMPLEMENTATIONS = YES;
				CLANG_WARN_DIRECT_OBJC_ISA_USAGE = YES_ERROR;
				CLANG_WARN_DOCUMENTATION_COMMENTS = YES;
				CLANG_WARN_EMPTY_BODY = YES;
				CLANG_WARN_ENUM_CONVERSION = YES;
				CLANG_WARN_INFINITE_RECURSION = YES;
				CLANG_WARN_INT_CONVERSION = YES;
				CLANG_WARN_NON_LITERAL_NULL_CONVERSION = YES;
				CLANG_WARN_OBJC_IMPLICIT_RETAIN_SELF = YES;
				CLANG_WARN_OBJC_LITERAL_CONVERSION = YES;
				CLANG_WARN_OBJC_ROOT_CLASS = YES_ERROR;
				CLANG_WARN_QUOTED_INCLUDE_IN_FRAMEWORK_HEADER = YES;
				CLANG_WARN_RANGE_LOOP_ANALYSIS = YES;
				CLANG_WARN_STRICT_PROTOTYPES = YES;
				CLANG_WARN_SUSPICIOUS_MOVE = YES;
				CLANG_WARN_UNGUARDED_AVAILABILITY = YES_AGGRESSIVE;
				CLANG_WARN_UNREACHABLE_CODE = YES;
				CLANG_WARN__DUPLICATE_METHOD_MATCH = YES;
				COPY_PHASE_STRIP = NO;
				DEBUG_INFORMATION_FORMAT = dwarf;
				ENABLE_STRICT_OBJC_MSGSEND = YES;
				ENABLE_TESTABILITY = YES;
				ENABLE_USER_SCRIPT_SANDBOXING = YES;
				GCC_C_LANGUAGE_STANDARD = gnu17;
				GCC_DYNAMIC_NO_PIC = NO;
				GCC_NO_COMMON_BLOCKS = YES;
				GCC_OPTIMIZATION_LEVEL = 0;
				GCC_PREPROCESSOR_DEFINITIONS = (
					"DEBUG=1",
					"$(inherited)",
				);
				GCC_WARN_64_TO_32_BIT_CONVERSION = YES;
				GCC_WARN_ABOUT_RETURN_TYPE = YES_ERROR;
				GCC_WARN_UNDECLARED_SELECTOR = YES;
				GCC_WARN_UNINITIALIZED_AUTOS = YES_AGGRESSIVE;
				GCC_WARN_UNUSED_FUNCTION = YES;
				GCC_WARN_UNUSED_VARIABLE = YES;
				IPHONEOS_DEPLOYMENT_TARGET = 17.2;
				LOCALIZATION_PREFERS_STRING_CATALOGS = YES;
				MTL_ENABLE_DEBUG_INFO = INCLUDE_SOURCE;
				MTL_FAST_MATH = YES;
				ONLY_ACTIVE_ARCH = YES;
				SDKROOT = iphoneos;
				SWIFT_ACTIVE_COMPILATION_CONDITIONS = "DEBUG $(inherited)";
				SWIFT_OPTIMIZATION_LEVEL = "-Onone";
			};
			name = Debug;
		};
		A6015B1D2BEA223600545164 /* Release */ = {
			isa = XCBuildConfiguration;
			buildSettings = {
				ALWAYS_SEARCH_USER_PATHS = NO;
				ASSETCATALOG_COMPILER_GENERATE_SWIFT_ASSET_SYMBOL_EXTENSIONS = YES;
				CLANG_ANALYZER_NONNULL = YES;
				CLANG_ANALYZER_NUMBER_OBJECT_CONVERSION = YES_AGGRESSIVE;
				CLANG_CXX_LANGUAGE_STANDARD = "gnu++20";
				CLANG_ENABLE_MODULES = YES;
				CLANG_ENABLE_OBJC_ARC = YES;
				CLANG_ENABLE_OBJC_WEAK = YES;
				CLANG_WARN_BLOCK_CAPTURE_AUTORELEASING = YES;
				CLANG_WARN_BOOL_CONVERSION = YES;
				CLANG_WARN_COMMA = YES;
				CLANG_WARN_CONSTANT_CONVERSION = YES;
				CLANG_WARN_DEPRECATED_OBJC_IMPLEMENTATIONS = YES;
				CLANG_WARN_DIRECT_OBJC_ISA_USAGE = YES_ERROR;
				CLANG_WARN_DOCUMENTATION_COMMENTS = YES;
				CLANG_WARN_EMPTY_BODY = YES;
				CLANG_WARN_ENUM_CONVERSION = YES;
				CLANG_WARN_INFINITE_RECURSION = YES;
				CLANG_WARN_INT_CONVERSION = YES;
				CLANG_WARN_NON_LITERAL_NULL_CONVERSION = YES;
				CLANG_WARN_OBJC_IMPLICIT_RETAIN_SELF = YES;
				CLANG_WARN_OBJC_LITERAL_CONVERSION = YES;
				CLANG_WARN_OBJC_ROOT_CLASS = YES_ERROR;
				CLANG_WARN_QUOTED_INCLUDE_IN_FRAMEWORK_HEADER = YES;
				CLANG_WARN_RANGE_LOOP_ANALYSIS = YES;
				CLANG_WARN_STRICT_PROTOTYPES = YES;
				CLANG_WARN_SUSPICIOUS_MOVE = YES;
				CLANG_WARN_UNGUARDED_AVAILABILITY = YES_AGGRESSIVE;
				CLANG_WARN_UNREACHABLE_CODE = YES;
				CLANG_WARN__DUPLICATE_METHOD_MATCH = YES;
				COPY_PHASE_STRIP = NO;
				DEBUG_INFORMATION_FORMAT = "dwarf-with-dsym";
				ENABLE_NS_ASSERTIONS = NO;
				ENABLE_STRICT_OBJC_MSGSEND = YES;
				ENABLE_USER_SCRIPT_SANDBOXING = YES;
				GCC_C_LANGUAGE_STANDARD = gnu17;
				GCC_NO_COMMON_BLOCKS = YES;
				GCC_WARN_64_TO_32_BIT_CONVERSION = YES;
				GCC_WARN_ABOUT_RETURN_TYPE = YES_ERROR;
				GCC_WARN_UNDECLARED_SELECTOR = YES;
				GCC_WARN_UNINITIALIZED_AUTOS = YES_AGGRESSIVE;
				GCC_WARN_UNUSED_FUNCTION = YES;
				GCC_WARN_UNUSED_VARIABLE = YES;
				IPHONEOS_DEPLOYMENT_TARGET = 17.2;
				LOCALIZATION_PREFERS_STRING_CATALOGS = YES;
				MTL_ENABLE_DEBUG_INFO = NO;
				MTL_FAST_MATH = YES;
				SDKROOT = iphoneos;
				SWIFT_COMPILATION_MODE = wholemodule;
				VALIDATE_PRODUCT = YES;
			};
			name = Release;
		};
		A6015B1F2BEA223600545164 /* Debug */ = {
			isa = XCBuildConfiguration;
			buildSettings = {
				ASSETCATALOG_COMPILER_APPICON_NAME = AppIcon;
				ASSETCATALOG_COMPILER_GLOBAL_ACCENT_COLOR_NAME = AccentColor;
				CODE_SIGN_IDENTITY = "Apple Development";
				CODE_SIGN_STYLE = Manual;
				CURRENT_PROJECT_VERSION = 1;
				DEVELOPMENT_TEAM = "";
				GENERATE_INFOPLIST_FILE = YES;
				INFOPLIST_FILE = BeachesAndBoats/Info.plist;
				INFOPLIST_KEY_UIApplicationSupportsIndirectInputEvents = YES;
				INFOPLIST_KEY_UILaunchStoryboardName = LaunchScreen;
				INFOPLIST_KEY_UISupportedInterfaceOrientations_iPad = "UIInterfaceOrientationPortrait UIInterfaceOrientationPortraitUpsideDown UIInterfaceOrientationLandscapeLeft UIInterfaceOrientationLandscapeRight";
				INFOPLIST_KEY_UISupportedInterfaceOrientations_iPhone = "UIInterfaceOrientationPortrait UIInterfaceOrientationLandscapeLeft UIInterfaceOrientationLandscapeRight";
				LD_RUNPATH_SEARCH_PATHS = (
					"$(inherited)",
					"@executable_path/Frameworks",
				);
				MARKETING_VERSION = 1.0;
				PRODUCT_BUNDLE_IDENTIFIER = com.tbam.BeachesAndBoats;
				PRODUCT_NAME = "$(TARGET_NAME)";
				PROVISIONING_PROFILE_SPECIFIER = "";
				SWIFT_EMIT_LOC_STRINGS = YES;
				SWIFT_VERSION = 5.0;
				TARGETED_DEVICE_FAMILY = "1,2";
			};
			name = Debug;
		};
		A6015B202BEA223600545164 /* Release */ = {
			isa = XCBuildConfiguration;
			buildSettings = {
				ASSETCATALOG_COMPILER_APPICON_NAME = AppIcon;
				ASSETCATALOG_COMPILER_GLOBAL_ACCENT_COLOR_NAME = AccentColor;
				CODE_SIGN_IDENTITY = "Apple Development";
				CODE_SIGN_STYLE = Manual;
				CURRENT_PROJECT_VERSION = 1;
				DEVELOPMENT_TEAM = "";
				GENERATE_INFOPLIST_FILE = YES;
				INFOPLIST_FILE = BeachesAndBoats/Info.plist;
				INFOPLIST_KEY_UIApplicationSupportsIndirectInputEvents = YES;
				INFOPLIST_KEY_UILaunchStoryboardName = LaunchScreen;
				INFOPLIST_KEY_UISupportedInterfaceOrientations_iPad = "UIInterfaceOrientationPortrait UIInterfaceOrientationPortraitUpsideDown UIInterfaceOrientationLandscapeLeft UIInterfaceOrientationLandscapeRight";
				INFOPLIST_KEY_UISupportedInterfaceOrientations_iPhone = "UIInterfaceOrientationPortrait UIInterfaceOrientationLandscapeLeft UIInterfaceOrientationLandscapeRight";
				LD_RUNPATH_SEARCH_PATHS = (
					"$(inherited)",
					"@executable_path/Frameworks",
				);
				MARKETING_VERSION = 1.0;
				PRODUCT_BUNDLE_IDENTIFIER = com.tbam.BeachesAndBoats;
				PRODUCT_NAME = "$(TARGET_NAME)";
				PROVISIONING_PROFILE_SPECIFIER = "";
				SWIFT_EMIT_LOC_STRINGS = YES;
				SWIFT_VERSION = 5.0;
				TARGETED_DEVICE_FAMILY = "1,2";
			};
			name = Release;
		};
/* End XCBuildConfiguration section */

/* Begin XCConfigurationList section */
		A6015B052BEA223400545164 /* Build configuration list for PBXProject "BeachesAndBoats" */ = {
			isa = XCConfigurationList;
			buildConfigurations = (
				A6015B1C2BEA223600545164 /* Debug */,
				A6015B1D2BEA223600545164 /* Release */,
			);
			defaultConfigurationIsVisible = 0;
			defaultConfigurationName = Release;
		};
		A6015B1E2BEA223600545164 /* Build configuration list for PBXNativeTarget "BeachesAndBoats" */ = {
			isa = XCConfigurationList;
			buildConfigurations = (
				A6015B1F2BEA223600545164 /* Debug */,
				A6015B202BEA223600545164 /* Release */,
			);
			defaultConfigurationIsVisible = 0;
			defaultConfigurationName = Release;
		};
/* End XCConfigurationList section */
	};
	rootObject = A6015B022BEA223400545164 /* Project object */;
}
