PODS:
  - NWWebSocket (0.5.4)
  - PusherSwift (10.1.5):
    - NWWebSocket (~> 0.5.4)
    - TweetNacl (~> 1.0.0)
  - TweetNacl (1.0.2)

DEPENDENCIES:
  - PusherSwift

SPEC REPOS:
  trunk:
    - NWWebSocket
    - PusherSwift
    - TweetNacl

SPEC CHECKSUMS:
  NWWebSocket: 040d22f23438cc09aaeabf537beff67699c3c76d
  PusherSwift: cad631bad86cfff4b8458dce1310a7774e469b1f
  TweetNacl: 3abf4d1d2082b0114e7a67410e300892448951e6

PODFILE CHECKSUM: acee18c1d7502752e16f80006678797e4f2abca7

COCOAPODS: 1.15.2
